{
    "version": 3,
    "terraform_version": "0.11.11",
    "serial": 8,
    "lineage": "003889be-31ba-4f8f-ad60-8b7f45f94a71",
    "modules": [
        {
            "path": [
                "root"
            ],
            "outputs": {
                "cluster-name": {
                    "sensitive": false,
                    "type": "string",
                    "value": "digital-lab-test-cluster"
                },
                "config_map_aws_auth": {
                    "sensitive": false,
                    "type": "string",
                    "value": "\n\napiVersion: v1\nkind: ConfigMap\nmetadata:\n  name: aws-auth\n  namespace: kube-system\ndata:\n  mapRoles: |\n    - rolearn: arn:aws:iam::845863403425:role/worker-nodes-role1\n      username: system:node:{{EC2PrivateDNSName}}\n      groups:\n        - system:bootstrappers\n        - system:nodes\n"
                },
                "kubeconfig": {
                    "sensitive": false,
                    "type": "string",
                    "value": "\n\napiVersion: v1\nclusters:\n- cluster:\n    server: https://1BAD61941BFCF0EF383C892070E52468.sk1.eu-central-1.eks.amazonaws.com\n    certificate-authority-data: LS0tLS1CRUdJTiBDRVJUSUZJQ0FURS0tLS0tCk1JSUN5RENDQWJDZ0F3SUJBZ0lCQURBTkJna3Foa2lHOXcwQkFRc0ZBREFWTVJNd0VRWURWUVFERXdwcmRXSmwKY201bGRHVnpNQjRYRFRFNU1URXhPVEl4TURNek1Wb1hEVEk1TVRFeE5qSXhNRE16TVZvd0ZURVRNQkVHQTFVRQpBeE1LYTNWaVpYSnVaWFJsY3pDQ0FTSXdEUVlKS29aSWh2Y05BUUVCQlFBRGdnRVBBRENDQVFvQ2dnRUJBTUlFClcrZ3kyOXNaSis5WTNPTkdXdjZXSndzSnJZNTlTcHZYV2NNbzYvcjRhTk43YnAyUzBKdUkwbU5QZ3RVelhBb1IKTnJnOXJjSWNRZm92cGZqeFpaNldYemFmK1N1VHcwMG1KU1ErNjI1NzNneVAyWlBBekc0eTJrYW9WWEgwdERNQgpVeXVhRWpjNDJDeCtjR2FyalltdzRiYmVBM3RWR2V5VEtCckFnWUp2RFdLNHpEc2VaMFVmRFdNLzJEWGdROG9LCndYZzAwcTdLYTZodytIaTRRQlh1OHNlUVJRQXVwTkc5RTUvczFNbFdOeUZmU1JCSTJhTjdIOGRBMXUySit1OUYKNEZISGZYVHIrcUM4bmRBYWZlZzVMYXJadS9NNlZab3VaVFU0L1BlMFBQcGQrVy9WVStnc002elF5SGtrZ2p4eApDeTdUVG5hcjVLbG00a2RhWFVFQ0F3RUFBYU1qTUNFd0RnWURWUjBQQVFIL0JBUURBZ0trTUE4R0ExVWRFd0VCCi93UUZNQU1CQWY4d0RRWUpLb1pJaHZjTkFRRUxCUUFEZ2dFQkFKanJqbVh2elBaNmlRVGduZXhFTThQZzFncFIKTnRUYmYrOTZIVFoyRUhJN2JRWUdvL1AzV3M3Y25OQzZOS3ljOGNkTCsrK1lvN1UvNFo3ZzU3L3ZPcEMyYTJ6SApjWklsMUFOcjdaZHY1TTEzK2pMQVFnOTl2N2YyMmM5VmhjS0ZoaG55V05XSXBvVGNvQm5jTk00eUJLNys1eVFCCmtKYXJFakFyMkJSMFd3U3dudGRqREIrQ0ZNQ1ZHMEt1YXNvNFBzU004MjB4SHRIR0Ixay9tWVliK1krZkFudlAKV21HbEtVbng4dEFHaytyYWpUbU9XM0Y1OXJ3dGk5cXU5NWZ3VDR5UW9ObmsvNWJxeXIxN1ptOE5ZYnNGMEd4VAo1bnJNdytlTmNUeWZCSVduTFBoV0RoUXl4T3c4emJNby9RQ1o3a01yMlZZcVZPRE5FeWtkNXVlcWpLZz0KLS0tLS1FTkQgQ0VSVElGSUNBVEUtLS0tLQo=\n  name: kubernetes\ncontexts:\n- context:\n    cluster: kubernetes\n    user: aws\n  name: aws\ncurrent-context: aws\nkind: Config\npreferences: {}\nusers:\n- name: aws\n  user:\n    exec:\n      apiVersion: client.authentication.k8s.io/v1alpha1\n      command: aws-iam-authenticator\n      args:\n        - \"token\"\n        - \"-i\"\n        - \"digital-lab-cluster\"\n"
                }
            },
            "resources": {},
            "depends_on": []
        },
        {
            "path": [
                "root",
                "eks"
            ],
            "outputs": {
                "cluster-name": {
                    "sensitive": false,
                    "type": "string",
                    "value": "digital-lab-test-cluster"
                },
                "config_map_aws_auth": {
                    "sensitive": false,
                    "type": "string",
                    "value": "\n\napiVersion: v1\nkind: ConfigMap\nmetadata:\n  name: aws-auth\n  namespace: kube-system\ndata:\n  mapRoles: |\n    - rolearn: arn:aws:iam::845863403425:role/worker-nodes-role1\n      username: system:node:{{EC2PrivateDNSName}}\n      groups:\n        - system:bootstrappers\n        - system:nodes\n"
                },
                "kubeconfig": {
                    "sensitive": false,
                    "type": "string",
                    "value": "\n\napiVersion: v1\nclusters:\n- cluster:\n    server: https://1BAD61941BFCF0EF383C892070E52468.sk1.eu-central-1.eks.amazonaws.com\n    certificate-authority-data: LS0tLS1CRUdJTiBDRVJUSUZJQ0FURS0tLS0tCk1JSUN5RENDQWJDZ0F3SUJBZ0lCQURBTkJna3Foa2lHOXcwQkFRc0ZBREFWTVJNd0VRWURWUVFERXdwcmRXSmwKY201bGRHVnpNQjRYRFRFNU1URXhPVEl4TURNek1Wb1hEVEk1TVRFeE5qSXhNRE16TVZvd0ZURVRNQkVHQTFVRQpBeE1LYTNWaVpYSnVaWFJsY3pDQ0FTSXdEUVlKS29aSWh2Y05BUUVCQlFBRGdnRVBBRENDQVFvQ2dnRUJBTUlFClcrZ3kyOXNaSis5WTNPTkdXdjZXSndzSnJZNTlTcHZYV2NNbzYvcjRhTk43YnAyUzBKdUkwbU5QZ3RVelhBb1IKTnJnOXJjSWNRZm92cGZqeFpaNldYemFmK1N1VHcwMG1KU1ErNjI1NzNneVAyWlBBekc0eTJrYW9WWEgwdERNQgpVeXVhRWpjNDJDeCtjR2FyalltdzRiYmVBM3RWR2V5VEtCckFnWUp2RFdLNHpEc2VaMFVmRFdNLzJEWGdROG9LCndYZzAwcTdLYTZodytIaTRRQlh1OHNlUVJRQXVwTkc5RTUvczFNbFdOeUZmU1JCSTJhTjdIOGRBMXUySit1OUYKNEZISGZYVHIrcUM4bmRBYWZlZzVMYXJadS9NNlZab3VaVFU0L1BlMFBQcGQrVy9WVStnc002elF5SGtrZ2p4eApDeTdUVG5hcjVLbG00a2RhWFVFQ0F3RUFBYU1qTUNFd0RnWURWUjBQQVFIL0JBUURBZ0trTUE4R0ExVWRFd0VCCi93UUZNQU1CQWY4d0RRWUpLb1pJaHZjTkFRRUxCUUFEZ2dFQkFKanJqbVh2elBaNmlRVGduZXhFTThQZzFncFIKTnRUYmYrOTZIVFoyRUhJN2JRWUdvL1AzV3M3Y25OQzZOS3ljOGNkTCsrK1lvN1UvNFo3ZzU3L3ZPcEMyYTJ6SApjWklsMUFOcjdaZHY1TTEzK2pMQVFnOTl2N2YyMmM5VmhjS0ZoaG55V05XSXBvVGNvQm5jTk00eUJLNys1eVFCCmtKYXJFakFyMkJSMFd3U3dudGRqREIrQ0ZNQ1ZHMEt1YXNvNFBzU004MjB4SHRIR0Ixay9tWVliK1krZkFudlAKV21HbEtVbng4dEFHaytyYWpUbU9XM0Y1OXJ3dGk5cXU5NWZ3VDR5UW9ObmsvNWJxeXIxN1ptOE5ZYnNGMEd4VAo1bnJNdytlTmNUeWZCSVduTFBoV0RoUXl4T3c4emJNby9RQ1o3a01yMlZZcVZPRE5FeWtkNXVlcWpLZz0KLS0tLS1FTkQgQ0VSVElGSUNBVEUtLS0tLQo=\n  name: kubernetes\ncontexts:\n- context:\n    cluster: kubernetes\n    user: aws\n  name: aws\ncurrent-context: aws\nkind: Config\npreferences: {}\nusers:\n- name: aws\n  user:\n    exec:\n      apiVersion: client.authentication.k8s.io/v1alpha1\n      command: aws-iam-authenticator\n      args:\n        - \"token\"\n        - \"-i\"\n        - \"digital-lab-cluster\"\n"
                }
            },
            "resources": {
                "aws_autoscaling_group.worker": {
                    "type": "aws_autoscaling_group",
                    "depends_on": [
                        "aws_launch_configuration.worker"
                    ],
                    "primary": {
                        "id": "worker-nodes",
                        "attributes": {
                            "arn": "arn:aws:autoscaling:eu-central-1:845863403425:autoScalingGroup:3f040b51-abaf-433a-bd7f-104907bb25b9:autoScalingGroupName/worker-nodes",
                            "availability_zones.#": "3",
                            "availability_zones.1126047633": "eu-central-1a",
                            "availability_zones.2903539389": "eu-central-1c",
                            "availability_zones.3658960427": "eu-central-1b",
                            "default_cooldown": "300",
                            "desired_capacity": "2",
                            "enabled_metrics.#": "0",
                            "force_delete": "false",
                            "health_check_grace_period": "300",
                            "health_check_type": "EC2",
                            "id": "worker-nodes",
                            "launch_configuration": "worker-node20191119210552223200000001",
                            "launch_template.#": "0",
                            "load_balancers.#": "0",
                            "max_size": "3",
                            "metrics_granularity": "1Minute",
                            "min_size": "2",
                            "mixed_instances_policy.#": "0",
                            "name": "worker-nodes",
                            "placement_group": "",
                            "protect_from_scale_in": "false",
                            "service_linked_role_arn": "arn:aws:iam::845863403425:role/aws-service-role/autoscaling.amazonaws.com/AWSServiceRoleForAutoScaling",
                            "suspended_processes.#": "0",
                            "tag.#": "2",
                            "tag.522630257.key": "kubernetes.io/cluster/digital-lab-test-cluster",
                            "tag.522630257.propagate_at_launch": "true",
                            "tag.522630257.value": "owned",
                            "tag.53445484.key": "Name",
                            "tag.53445484.propagate_at_launch": "true",
                            "tag.53445484.value": "worker-nodes",
                            "target_group_arns.#": "0",
                            "termination_policies.#": "0",
                            "vpc_zone_identifier.#": "3",
                            "vpc_zone_identifier.1963880690": "subnet-0303ad5916836279f",
                            "vpc_zone_identifier.4187120812": "subnet-061c48859570364e0",
                            "vpc_zone_identifier.871399090": "subnet-0efcf321033c0c7d9",
                            "wait_for_capacity_timeout": "10m"
                        },
                        "meta": {
                            "e2bfb730-ecaa-11e6-8f88-34363bc7c4c0": {
                                "delete": 600000000000
                            }
                        },
                        "tainted": false
                    },
                    "deposed": [],
                    "provider": "provider.aws"
                },
                "aws_eks_cluster.eks-cluster": {
                    "type": "aws_eks_cluster",
                    "depends_on": [
                        "aws_iam_role.cluster-role",
                        "aws_iam_role_policy_attachment.eks-cluster-AmazonEKSClusterPolicy",
                        "aws_iam_role_policy_attachment.eks-cluster-AmazonEKSServicePolicy",
                        "aws_security_group.cluster-sg"
                    ],
                    "primary": {
                        "id": "",
                        "attributes": {},
                        "meta": {},
                        "tainted": false
                    },
                    "deposed": [
                        {
                            "id": "1",
                            "attributes": {
                                "arn": "arn:aws:eks:ap-south-1:845863403425:cluster/1",
                                "certificate_authority.#": "1",
                                "certificate_authority.0.data": "LS0tLS1CRUdJTiBDRVJUSUZJQ0FURS0tLS0tCk1JSUN5RENDQWJDZ0F3SUJBZ0lCQURBTkJna3Foa2lHOXcwQkFRc0ZBREFWTVJNd0VRWURWUVFERXdwcmRXSmwKY201bGRHVnpNQjRYRFRFNU1URXhPVEU1TlRNd05sb1hEVEk1TVRFeE5qRTVOVE13Tmxvd0ZURVRNQkVHQTFVRQpBeE1LYTNWaVpYSnVaWFJsY3pDQ0FTSXdEUVlKS29aSWh2Y05BUUVCQlFBRGdnRVBBRENDQVFvQ2dnRUJBTUhWClZ2T2pPVVpvNURMQmR3cFBQa3RyOWpuNGJhbzEvRUwwS0J4aDVEd3o3K2JYYmlFd1NDSzlYZ053RVo4cy83dkEKYW9qbHBUTjlBMjBIMmpFU0xVRkRReW80eUlhakF5R1ZaMVVseUpiZHdTc21DdWNTZmh6alRkSDViT29WZjQ1cQo5UHRyejdSNDZHVEE4bnRmTUJlVVg1UDlNRHpXWWpxRVlYb0R6RHI5Q1NtRnhMKzNIT1hHcjFvU09XZlVaVm83CmNoZUFCZFpSdCtIWWFoYnM3QURvS0Y1b295NWhSOGw5VWtlTFY4K2ZjWVNFazh2QUtqZzBXNTZrMnhyTk5hSXEKaXpvUEw0aUgwOCtyZDJqTmkrSDB2NTdZUXJEeGJqYkdIRk9zNVZhU0NyZzJLYW9oOTNOdldXcmczeVFhbm5GdQpna2FQYW1wOFV1U29wWC9wc004Q0F3RUFBYU1qTUNFd0RnWURWUjBQQVFIL0JBUURBZ0trTUE4R0ExVWRFd0VCCi93UUZNQU1CQWY4d0RRWUpLb1pJaHZjTkFRRUxCUUFEZ2dFQkFMNDY2a0FMSU5LQUlTc1FsZEZVNHd5VklMazAKYlRtMkc5dEFycFVydVpSUEJjelJRVHV2U2NKTEZuN05iWjNJcURESzhUVU0vV0R6VjZDQVRlNktlTmtmblBkLwpkLzdZdUdkVDJoSGlpeFZmQnlCUnk0NW9vdUp0YTdqVU45bEp2anZiVzA4UXF4WWF4SEVkZVU5VytwNFEyMnJMCktLWmdKZ3U4MFA4dFluQ0RieGVJKzJuSzl5Q3Z0WE8wQjNmMDBuYWp0YmJFRjY4UGxnMllGRTJEWkVST2tHOEcKcXF4TnpPVzhGRURpQXJCNHplQ3JnUzUxMDJ4N1ZBalBHWm5WV25SaG1iNGkyWkloZ2dUd1NlQUN6MkkwUkFDMwp5YkVoVE5WNTUwOHNCeitPUHdnNG9VMWJnTG54dTh3OSt1Ri9PZCtXWk1rYnMzOTBrWVVBS3ZETmlSUT0KLS0tLS1FTkQgQ0VSVElGSUNBVEUtLS0tLQo=",
                                "created_at": "2019-11-19 19:46:10 +0000 UTC",
                                "enabled_cluster_log_types.#": "0",
                                "endpoint": "https://00DDB68E86B88A0F67DD4DABCC944E14.yl4.ap-south-1.eks.amazonaws.com",
                                "id": "1",
                                "identity.#": "1",
                                "identity.0.oidc.#": "1",
                                "identity.0.oidc.0.issuer": "https://oidc.eks.ap-south-1.amazonaws.com/id/00DDB68E86B88A0F67DD4DABCC944E14",
                                "name": "1",
                                "platform_version": "eks.3",
                                "role_arn": "arn:aws:iam::845863403425:role/cluster-iam-role1",
                                "status": "ACTIVE",
                                "tags.%": "0",
                                "version": "1.14",
                                "vpc_config.#": "1",
                                "vpc_config.0.endpoint_private_access": "false",
                                "vpc_config.0.endpoint_public_access": "true",
                                "vpc_config.0.security_group_ids.#": "1",
                                "vpc_config.0.security_group_ids.3037416519": "sg-0a186078cff91e16a",
                                "vpc_config.0.subnet_ids.#": "6",
                                "vpc_config.0.subnet_ids.107766508": "subnet-07da9f0ae8b520d26",
                                "vpc_config.0.subnet_ids.1811960319": "subnet-0e6f00774f0040e46",
                                "vpc_config.0.subnet_ids.2385588755": "subnet-03ebb524d8317fa45",
                                "vpc_config.0.subnet_ids.3258412532": "subnet-01e0396e28fb81a9c",
                                "vpc_config.0.subnet_ids.3669435880": "subnet-0193ecd9ab0a79a64",
                                "vpc_config.0.subnet_ids.369151762": "subnet-0edab713917d915b0",
                                "vpc_config.0.vpc_id": "vpc-0192b4ea210d72900"
                            },
                            "meta": {
                                "e2bfb730-ecaa-11e6-8f88-34363bc7c4c0": {
                                    "create": 1800000000000,
                                    "delete": 900000000000,
                                    "update": 3600000000000
                                }
                            },
                            "tainted": false
                        },
                        {
                            "id": "2",
                            "attributes": {
                                "arn": "arn:aws:eks:eu-central-1:845863403425:cluster/2",
                                "certificate_authority.#": "1",
                                "certificate_authority.0.data": "LS0tLS1CRUdJTiBDRVJUSUZJQ0FURS0tLS0tCk1JSUN5RENDQWJDZ0F3SUJBZ0lCQURBTkJna3Foa2lHOXcwQkFRc0ZBREFWTVJNd0VRWURWUVFERXdwcmRXSmwKY201bGRHVnpNQjRYRFRFNU1URXhPVEl3TXpReU5Wb1hEVEk1TVRFeE5qSXdNelF5TlZvd0ZURVRNQkVHQTFVRQpBeE1LYTNWaVpYSnVaWFJsY3pDQ0FTSXdEUVlKS29aSWh2Y05BUUVCQlFBRGdnRVBBRENDQVFvQ2dnRUJBTXdWCityN3l6Szd4RGFodmJSQmdDaW0va0p0eVE3aVVrUmk4YWl3V1MxNFZPY1J1dzcyS0RDTHkxa3BiZWJ5ZDB4cUcKL29qRTllN01CWjRhR1VKR2dIVUNmYm4wQUh5UEhSYkd2a1A1MS83OVNZUXJSMWZGbVI5WE5LN0NnM3g1Zk9zMQpSWmZtQzFkWU81SVdkMm9PNjV6OXRzWW1lbUdWOFEwSTY2WjRWNjErMXAxMG5Kcm1SQjI1TWNna2w3alFCd2svCkpKcXhua09EOENiNE1ueVdkOGtaSXREOWttK3BnTDE3UUpUYk1wcGlDeFdtZWxyOTU2VktZRVA0N1gvTWJ2SEcKMzh6NlFGWkpFeTZwc3Mya3M4eUF0MWpIUURDUll3MkJWb29OZHNFSm1KT3dIV1MvbEdEZ2JpdmtRN2xCUUdWTgoxaWEwaEpDVUIvUUpabHg1S0wwQ0F3RUFBYU1qTUNFd0RnWURWUjBQQVFIL0JBUURBZ0trTUE4R0ExVWRFd0VCCi93UUZNQU1CQWY4d0RRWUpLb1pJaHZjTkFRRUxCUUFEZ2dFQkFFYmNXdmlDeFdKRmE4N0lyczdBVlg4eFNzZGYKQUw4bFN5LzBYRHIxWXpjSHJ0TE1hNXNoeUp5OWZDSzVJWTYxWkJGTjI4RTV5WWtBNXpUMHQxUXdUbTh0S1NYRgpaeEtveDZ5eTVVTkw1R1hvWXppc2JGOThLSXNGN3M1TUxnaXJiRXdXNDh4VUFncnFiSzE1RFU0NUM2RGpTNWdDCkJQemczZkMwVDh2NkZnU1h4dm5nMXhYVHFXVTJEUGR1SUp3dmNKSzEya3QyRVJMSXBTUEF3K3BnblhLZGxBL0oKVlVaT0tzS2k5RGhmMGpKTGRCNjJkQkIrWGFaelRNVEQ0RWhudEdORk84TkpPRFN2akVXelFqMlNsejNaT2RobwplSDdXZ0ZRaFRVTWRMV00vWmI2ZVNWSVpLZFBBOUVTNkNFcnVOaEhNYTZzSEFoNUh4NktmMjU4c2JoND0KLS0tLS1FTkQgQ0VSVElGSUNBVEUtLS0tLQo=",
                                "created_at": "2019-11-19 20:27:36 +0000 UTC",
                                "enabled_cluster_log_types.#": "0",
                                "endpoint": "https://2B3776035A61B697B1E4AEDAE263D735.yl4.eu-central-1.eks.amazonaws.com",
                                "id": "2",
                                "identity.#": "1",
                                "identity.0.oidc.#": "1",
                                "identity.0.oidc.0.issuer": "https://oidc.eks.eu-central-1.amazonaws.com/id/2B3776035A61B697B1E4AEDAE263D735",
                                "name": "2",
                                "platform_version": "eks.3",
                                "role_arn": "arn:aws:iam::845863403425:role/cluster-iam-role1",
                                "status": "ACTIVE",
                                "tags.%": "0",
                                "version": "1.14",
                                "vpc_config.#": "1",
                                "vpc_config.0.endpoint_private_access": "false",
                                "vpc_config.0.endpoint_public_access": "true",
                                "vpc_config.0.security_group_ids.#": "1",
                                "vpc_config.0.security_group_ids.1826487729": "sg-080c2926c77453f11",
                                "vpc_config.0.subnet_ids.#": "6",
                                "vpc_config.0.subnet_ids.1179985015": "subnet-0efcf321033c0c7d9",
                                "vpc_config.0.subnet_ids.2814859944": "subnet-0132c0d530185e3c2",
                                "vpc_config.0.subnet_ids.3163585294": "subnet-061c48859570364e0",
                                "vpc_config.0.subnet_ids.3346433494": "subnet-05ffd281e6abb46f3",
                                "vpc_config.0.subnet_ids.3520791072": "subnet-0813d53eda83d3ca8",
                                "vpc_config.0.subnet_ids.818912233": "subnet-0303ad5916836279f",
                                "vpc_config.0.vpc_id": "vpc-0984929333e0804a2"
                            },
                            "meta": {
                                "e2bfb730-ecaa-11e6-8f88-34363bc7c4c0": {
                                    "create": 1800000000000,
                                    "delete": 900000000000,
                                    "update": 3600000000000
                                }
                            },
                            "tainted": false
                        },
                        {
                            "id": "digital-lab-test-cluster",
                            "attributes": {
                                "arn": "arn:aws:eks:eu-central-1:845863403425:cluster/digital-lab-test-cluster",
                                "certificate_authority.#": "1",
                                "certificate_authority.0.data": "LS0tLS1CRUdJTiBDRVJUSUZJQ0FURS0tLS0tCk1JSUN5RENDQWJDZ0F3SUJBZ0lCQURBTkJna3Foa2lHOXcwQkFRc0ZBREFWTVJNd0VRWURWUVFERXdwcmRXSmwKY201bGRHVnpNQjRYRFRFNU1URXhPVEl4TURNek1Wb1hEVEk1TVRFeE5qSXhNRE16TVZvd0ZURVRNQkVHQTFVRQpBeE1LYTNWaVpYSnVaWFJsY3pDQ0FTSXdEUVlKS29aSWh2Y05BUUVCQlFBRGdnRVBBRENDQVFvQ2dnRUJBTUlFClcrZ3kyOXNaSis5WTNPTkdXdjZXSndzSnJZNTlTcHZYV2NNbzYvcjRhTk43YnAyUzBKdUkwbU5QZ3RVelhBb1IKTnJnOXJjSWNRZm92cGZqeFpaNldYemFmK1N1VHcwMG1KU1ErNjI1NzNneVAyWlBBekc0eTJrYW9WWEgwdERNQgpVeXVhRWpjNDJDeCtjR2FyalltdzRiYmVBM3RWR2V5VEtCckFnWUp2RFdLNHpEc2VaMFVmRFdNLzJEWGdROG9LCndYZzAwcTdLYTZodytIaTRRQlh1OHNlUVJRQXVwTkc5RTUvczFNbFdOeUZmU1JCSTJhTjdIOGRBMXUySit1OUYKNEZISGZYVHIrcUM4bmRBYWZlZzVMYXJadS9NNlZab3VaVFU0L1BlMFBQcGQrVy9WVStnc002elF5SGtrZ2p4eApDeTdUVG5hcjVLbG00a2RhWFVFQ0F3RUFBYU1qTUNFd0RnWURWUjBQQVFIL0JBUURBZ0trTUE4R0ExVWRFd0VCCi93UUZNQU1CQWY4d0RRWUpLb1pJaHZjTkFRRUxCUUFEZ2dFQkFKanJqbVh2elBaNmlRVGduZXhFTThQZzFncFIKTnRUYmYrOTZIVFoyRUhJN2JRWUdvL1AzV3M3Y25OQzZOS3ljOGNkTCsrK1lvN1UvNFo3ZzU3L3ZPcEMyYTJ6SApjWklsMUFOcjdaZHY1TTEzK2pMQVFnOTl2N2YyMmM5VmhjS0ZoaG55V05XSXBvVGNvQm5jTk00eUJLNys1eVFCCmtKYXJFakFyMkJSMFd3U3dudGRqREIrQ0ZNQ1ZHMEt1YXNvNFBzU004MjB4SHRIR0Ixay9tWVliK1krZkFudlAKV21HbEtVbng4dEFHaytyYWpUbU9XM0Y1OXJ3dGk5cXU5NWZ3VDR5UW9ObmsvNWJxeXIxN1ptOE5ZYnNGMEd4VAo1bnJNdytlTmNUeWZCSVduTFBoV0RoUXl4T3c4emJNby9RQ1o3a01yMlZZcVZPRE5FeWtkNXVlcWpLZz0KLS0tLS1FTkQgQ0VSVElGSUNBVEUtLS0tLQo=",
                                "created_at": "2019-11-19 20:56:38 +0000 UTC",
                                "enabled_cluster_log_types.#": "0",
                                "endpoint": "https://1BAD61941BFCF0EF383C892070E52468.sk1.eu-central-1.eks.amazonaws.com",
                                "id": "digital-lab-test-cluster",
                                "identity.#": "1",
                                "identity.0.oidc.#": "1",
                                "identity.0.oidc.0.issuer": "https://oidc.eks.eu-central-1.amazonaws.com/id/1BAD61941BFCF0EF383C892070E52468",
                                "name": "digital-lab-test-cluster",
                                "platform_version": "eks.3",
                                "role_arn": "arn:aws:iam::845863403425:role/cluster-iam-role1",
                                "status": "ACTIVE",
                                "tags.%": "0",
                                "version": "1.14",
                                "vpc_config.#": "1",
                                "vpc_config.0.endpoint_private_access": "false",
                                "vpc_config.0.endpoint_public_access": "true",
                                "vpc_config.0.security_group_ids.#": "1",
                                "vpc_config.0.security_group_ids.1826487729": "sg-080c2926c77453f11",
                                "vpc_config.0.subnet_ids.#": "6",
                                "vpc_config.0.subnet_ids.1179985015": "subnet-0efcf321033c0c7d9",
                                "vpc_config.0.subnet_ids.2814859944": "subnet-0132c0d530185e3c2",
                                "vpc_config.0.subnet_ids.3163585294": "subnet-061c48859570364e0",
                                "vpc_config.0.subnet_ids.3346433494": "subnet-05ffd281e6abb46f3",
                                "vpc_config.0.subnet_ids.3520791072": "subnet-0813d53eda83d3ca8",
                                "vpc_config.0.subnet_ids.818912233": "subnet-0303ad5916836279f",
                                "vpc_config.0.vpc_id": "vpc-0984929333e0804a2"
                            },
                            "meta": {
                                "e2bfb730-ecaa-11e6-8f88-34363bc7c4c0": {
                                    "create": 1800000000000,
                                    "delete": 900000000000,
                                    "update": 3600000000000
                                }
                            },
                            "tainted": false
                        }
                    ],
                    "provider": "provider.aws"
                },
                "aws_iam_instance_profile.worker-node": {
                    "type": "aws_iam_instance_profile",
                    "depends_on": [
                        "aws_iam_role.worker-node-role"
                    ],
                    "primary": {
                        "id": "eks-worker-node1",
                        "attributes": {
                            "arn": "arn:aws:iam::845863403425:instance-profile/eks-worker-node1",
                            "create_date": "2019-11-19T20:03:31Z",
                            "id": "eks-worker-node1",
                            "name": "eks-worker-node1",
                            "path": "/",
                            "role": "worker-nodes-role1",
                            "roles.#": "1",
                            "roles.1606945740": "worker-nodes-role1",
                            "unique_id": "AIPA4J4LDH6QYQVXA5M3A"
                        },
                        "meta": {},
                        "tainted": false
                    },
                    "deposed": [],
                    "provider": "provider.aws"
                },
                "aws_iam_policy.eks-tagging": {
                    "type": "aws_iam_policy",
                    "depends_on": [],
                    "primary": {
                        "id": "arn:aws:iam::845863403425:policy/production_resource_tagging_for_eks1",
                        "attributes": {
                            "arn": "arn:aws:iam::845863403425:policy/production_resource_tagging_for_eks1",
                            "description": "resource_tagging_for_eks",
                            "id": "arn:aws:iam::845863403425:policy/production_resource_tagging_for_eks1",
                            "name": "production_resource_tagging_for_eks1",
                            "path": "/",
                            "policy": "{\n    \"Version\": \"2012-10-17\",\n    \"Statement\": [\n        {\n            \"Sid\": \"VisualEditor0\",\n            \"Effect\": \"Allow\",\n            \"Action\": [\n                \"tag:GetResources\",\n                \"tag:UntagResources\",\n                \"tag:GetTagValues\",\n                \"tag:GetTagKeys\",\n                \"tag:TagResources\"\n            ],\n            \"Resource\": \"*\"\n        }\n    ]\n}\n"
                        },
                        "meta": {},
                        "tainted": false
                    },
                    "deposed": [],
                    "provider": "provider.aws"
                },
                "aws_iam_role.cluster-role": {
                    "type": "aws_iam_role",
                    "depends_on": [],
                    "primary": {
                        "id": "cluster-iam-role1",
                        "attributes": {
                            "arn": "arn:aws:iam::845863403425:role/cluster-iam-role1",
                            "assume_role_policy": "{\"Version\":\"2012-10-17\",\"Statement\":[{\"Effect\":\"Allow\",\"Principal\":{\"Service\":\"eks.amazonaws.com\"},\"Action\":\"sts:AssumeRole\"}]}",
                            "create_date": "2019-11-19T19:45:57Z",
                            "description": "",
                            "force_detach_policies": "false",
                            "id": "cluster-iam-role1",
                            "max_session_duration": "3600",
                            "name": "cluster-iam-role1",
                            "path": "/",
                            "tags.%": "0",
                            "unique_id": "AROA4J4LDH6Q7KL75IF7I"
                        },
                        "meta": {},
                        "tainted": false
                    },
                    "deposed": [],
                    "provider": "provider.aws"
                },
                "aws_iam_role.worker-node-role": {
                    "type": "aws_iam_role",
                    "depends_on": [],
                    "primary": {
                        "id": "worker-nodes-role1",
                        "attributes": {
                            "arn": "arn:aws:iam::845863403425:role/worker-nodes-role1",
                            "assume_role_policy": "{\"Version\":\"2012-10-17\",\"Statement\":[{\"Effect\":\"Allow\",\"Principal\":{\"Service\":\"ec2.amazonaws.com\"},\"Action\":\"sts:AssumeRole\"}]}",
                            "create_date": "2019-11-19T19:45:57Z",
                            "description": "",
                            "force_detach_policies": "false",
                            "id": "worker-nodes-role1",
                            "max_session_duration": "3600",
                            "name": "worker-nodes-role1",
                            "path": "/",
                            "tags.%": "0",
                            "unique_id": "AROA4J4LDH6Q72262BNJI"
                        },
                        "meta": {},
                        "tainted": false
                    },
                    "deposed": [],
                    "provider": "provider.aws"
                },
                "aws_iam_role_policy_attachment.eks-cluster-AmazonEKSClusterPolicy": {
                    "type": "aws_iam_role_policy_attachment",
                    "depends_on": [
                        "aws_iam_role.cluster-role"
                    ],
                    "primary": {
                        "id": "cluster-iam-role1-20191119194559550000000006",
                        "attributes": {
                            "id": "cluster-iam-role1-20191119194559550000000006",
                            "policy_arn": "arn:aws:iam::aws:policy/AmazonEKSClusterPolicy",
                            "role": "cluster-iam-role1"
                        },
                        "meta": {},
                        "tainted": false
                    },
                    "deposed": [],
                    "provider": "provider.aws"
                },
                "aws_iam_role_policy_attachment.eks-cluster-AmazonEKSServicePolicy": {
                    "type": "aws_iam_role_policy_attachment",
                    "depends_on": [
                        "aws_iam_role.cluster-role"
                    ],
                    "primary": {
                        "id": "cluster-iam-role1-20191119194559548900000003",
                        "attributes": {
                            "id": "cluster-iam-role1-20191119194559548900000003",
                            "policy_arn": "arn:aws:iam::aws:policy/AmazonEKSServicePolicy",
                            "role": "cluster-iam-role1"
                        },
                        "meta": {},
                        "tainted": false
                    },
                    "deposed": [],
                    "provider": "provider.aws"
                },
                "aws_iam_role_policy_attachment.worker-node-AmazonEC2ContainerRegistryReadOnly": {
                    "type": "aws_iam_role_policy_attachment",
                    "depends_on": [
                        "aws_iam_role.worker-node-role"
                    ],
                    "primary": {
                        "id": "worker-nodes-role1-20191119194559546000000001",
                        "attributes": {
                            "id": "worker-nodes-role1-20191119194559546000000001",
                            "policy_arn": "arn:aws:iam::aws:policy/AmazonEC2ContainerRegistryReadOnly",
                            "role": "worker-nodes-role1"
                        },
                        "meta": {},
                        "tainted": false
                    },
                    "deposed": [],
                    "provider": "provider.aws"
                },
                "aws_iam_role_policy_attachment.worker-node-AmazonEC2FullAccess": {
                    "type": "aws_iam_role_policy_attachment",
                    "depends_on": [
                        "aws_iam_role.worker-node-role"
                    ],
                    "primary": {
                        "id": "worker-nodes-role1-20191119194559550000000005",
                        "attributes": {
                            "id": "worker-nodes-role1-20191119194559550000000005",
                            "policy_arn": "arn:aws:iam::aws:policy/AmazonEC2FullAccess",
                            "role": "worker-nodes-role1"
                        },
                        "meta": {},
                        "tainted": false
                    },
                    "deposed": [],
                    "provider": "provider.aws"
                },
                "aws_iam_role_policy_attachment.worker-node-AmazonEKSWorkerNodePolicy": {
                    "type": "aws_iam_role_policy_attachment",
                    "depends_on": [
                        "aws_iam_role.worker-node-role"
                    ],
                    "primary": {
                        "id": "worker-nodes-role1-20191119194559548900000004",
                        "attributes": {
                            "id": "worker-nodes-role1-20191119194559548900000004",
                            "policy_arn": "arn:aws:iam::aws:policy/AmazonEKSWorkerNodePolicy",
                            "role": "worker-nodes-role1"
                        },
                        "meta": {},
                        "tainted": false
                    },
                    "deposed": [],
                    "provider": "provider.aws"
                },
                "aws_iam_role_policy_attachment.worker-node-AmazonEKS_CNI_Policy": {
                    "type": "aws_iam_role_policy_attachment",
                    "depends_on": [
                        "aws_iam_role.worker-node-role"
                    ],
                    "primary": {
                        "id": "worker-nodes-role1-20191119194559548900000002",
                        "attributes": {
                            "id": "worker-nodes-role1-20191119194559548900000002",
                            "policy_arn": "arn:aws:iam::aws:policy/AmazonEKS_CNI_Policy",
                            "role": "worker-nodes-role1"
                        },
                        "meta": {},
                        "tainted": false
                    },
                    "deposed": [],
                    "provider": "provider.aws"
                },
                "aws_iam_role_policy_attachment.worker-node-resource_tagging_for_eks": {
                    "type": "aws_iam_role_policy_attachment",
                    "depends_on": [
                        "aws_iam_policy.eks-tagging",
                        "aws_iam_role.worker-node-role"
                    ],
                    "primary": {
                        "id": "worker-nodes-role1-20191119194600338200000007",
                        "attributes": {
                            "id": "worker-nodes-role1-20191119194600338200000007",
                            "policy_arn": "arn:aws:iam::845863403425:policy/production_resource_tagging_for_eks1",
                            "role": "worker-nodes-role1"
                        },
                        "meta": {},
                        "tainted": false
                    },
                    "deposed": [],
                    "provider": "provider.aws"
                },
                "aws_launch_configuration.worker": {
                    "type": "aws_launch_configuration",
                    "depends_on": [],
                    "primary": {
                        "id": "worker-node20191119210552223200000001",
                        "attributes": {
                            "associate_public_ip_address": "false",
                            "ebs_block_device.#": "0",
                            "ebs_optimized": "false",
                            "enable_monitoring": "true",
                            "ephemeral_block_device.#": "0",
                            "iam_instance_profile": "eks-worker-node1",
                            "id": "worker-node20191119210552223200000001",
                            "image_id": "ami-0e21bc066a9dbabfa",
                            "instance_type": "t2.micro",
                            "key_name": "",
                            "name": "worker-node20191119210552223200000001",
                            "name_prefix": "worker-node",
                            "root_block_device.#": "0",
                            "security_groups.#": "1",
                            "security_groups.2851540662": "sg-08687dc04cf1be674",
                            "spot_price": "",
                            "user_data_base64": "IyEvYmluL2Jhc2gKc2V0IC1vIHh0cmFjZQovZXRjL2Vrcy9ib290c3RyYXAuc2ggLS1hcGlzZXJ2ZXItZW5kcG9pbnQgJ2h0dHBzOi8vMUJBRDYxOTQxQkZDRjBFRjM4M0M4OTIwNzBFNTI0Njguc2sxLmV1LWNlbnRyYWwtMS5la3MuYW1hem9uYXdzLmNvbScgLS1iNjQtY2x1c3Rlci1jYSAnTFMwdExTMUNSVWRKVGlCRFJWSlVTVVpKUTBGVVJTMHRMUzB0Q2sxSlNVTjVSRU5EUVdKRFowRjNTVUpCWjBsQ1FVUkJUa0puYTNGb2EybEhPWGN3UWtGUmMwWkJSRUZXVFZKTmQwVlJXVVJXVVZGRVJYZHdjbVJYU213S1kyMDFiR1JIVm5wTlFqUllSRlJGTlUxVVJYaFBWRWw0VFVSTmVrMVdiMWhFVkVrMVRWUkZlRTVxU1hoTlJFMTZUVlp2ZDBaVVJWUk5Ra1ZIUVRGVlJRcEJlRTFMWVROV2FWcFlTblZhV0ZKc1kzcERRMEZUU1hkRVVWbEtTMjlhU1doMlkwNUJVVVZDUWxGQlJHZG5SVkJCUkVORFFWRnZRMmRuUlVKQlRVbEZDbGNyWjNreU9YTmFTaXM1V1ROUFRrZFhkalpYU25kelNuSlpOVGxUY0haWVYyTk5iell2Y2pSaFRrNDNZbkF5VXpCS2RVa3diVTVRWjNSVmVsaEJiMUlLVG5Kbk9YSmpTV05SWm05MmNHWnFlRnBhTmxkWWVtRm1LMU4xVkhjd01HMUtVMUVyTmpJMU56Tm5lVkF5V2xCQmVrYzBlVEpyWVc5V1dFZ3dkRVJOUWdwVmVYVmhSV3BqTkRKRGVDdGpSMkZ5YWxsdGR6UmlZbVZCTTNSV1IyVjVWRXRDY2tGbldVcDJSRmRMTkhwRWMyVmFNRlZtUkZkTkx6SkVXR2RST0c5TENuZFlaekF3Y1RkTFlUWm9keXRJYVRSUlFsaDFPSE5sVVZKUlFYVndUa2M1UlRVdmN6Rk5iRmRPZVVabVUxSkNTVEpoVGpkSU9HUkJNWFV5U2l0MU9VWUtORVpJU0daWVZISXJjVU00Ym1SQllXWmxaelZNWVhKYWRTOU5ObFphYjNWYVZGVTBMMUJsTUZCUWNHUXJWeTlXVlN0bmMwMDJlbEY1U0d0cloycDRlQXBEZVRkVVZHNWhjalZMYkcwMGEyUmhXRlZGUTBGM1JVRkJZVTFxVFVORmQwUm5XVVJXVWpCUVFWRklMMEpCVVVSQlowdHJUVUU0UjBFeFZXUkZkMFZDQ2k5M1VVWk5RVTFDUVdZNGQwUlJXVXBMYjFwSmFIWmpUa0ZSUlV4Q1VVRkVaMmRGUWtGS2FuSnFiVmgyZWxCYU5tbFJWR2R1WlhoRlRUaFFaekZuY0ZJS1RuUlVZbVlyT1RaSVZGb3lSVWhKTjJKUldVZHZMMUF6VjNNM1kyNU9RelpPUzNsak9HTmtUQ3NySzFsdk4xVXZORm8zWnpVM0wzWlBjRU15WVRKNlNBcGpXa2xzTVVGT2NqZGFaSFkxVFRFeksycE1RVkZuT1RsMk4yWXlNbU01Vm1oalMwWm9hRzU1VjA1WFNYQnZWR052UW01alRrMDBlVUpMTnlzMWVWRkNDbXRLWVhKRmFrRnlNa0pTTUZkM1UzZHVkR1JxUkVJclEwWk5RMVpITUV0MVlYTnZORkJ6VTAwNE1qQjRTSFJJUjBJeGF5OXRXVmxpSzFrclprRnVkbEFLVjIxSGJFdFZibmc0ZEVGSGF5dHlZV3BVYlU5WE0wWTFPWEozZEdrNWNYVTVOV1ozVkRSNVVXOU9ibXN2TldKeGVYSXhOMXB0T0U1WlluTkdNRWQ0VkFvMWJuSk5keXRsVG1OVWVXWkNTVmR1VEZCb1YwUm9VWGw0VDNjNGVtSk5ieTlSUTFvM2EwMXlNbFpaY1ZaUFJFNUZlV3RrTlhWbGNXcExaejBLTFMwdExTMUZUa1FnUTBWU1ZFbEdTVU5CVkVVdExTMHRMUW89JyAnZGlnaXRhbC1sYWItdGVzdC1jbHVzdGVyJwo=",
                            "vpc_classic_link_id": "",
                            "vpc_classic_link_security_groups.#": "0"
                        },
                        "meta": {},
                        "tainted": false
                    },
                    "deposed": [
                        {
                            "id": "worker-node20191119200334408700000001",
                            "attributes": {
                                "associate_public_ip_address": "false",
                                "ebs_block_device.#": "0",
                                "ebs_optimized": "false",
                                "enable_monitoring": "true",
                                "ephemeral_block_device.#": "0",
                                "iam_instance_profile": "eks-worker-node1",
                                "id": "worker-node20191119200334408700000001",
                                "image_id": "ami-07fd6cdebfd02ef6e",
                                "instance_type": "t2.micro",
                                "key_name": "",
                                "name": "worker-node20191119200334408700000001",
                                "name_prefix": "worker-node",
                                "root_block_device.#": "0",
                                "security_groups.#": "1",
                                "security_groups.3419089952": "sg-06befe418e2bd2084",
                                "spot_price": "",
                                "user_data_base64": "IyEvYmluL2Jhc2gKc2V0IC1vIHh0cmFjZQovZXRjL2Vrcy9ib290c3RyYXAuc2ggLS1hcGlzZXJ2ZXItZW5kcG9pbnQgJ2h0dHBzOi8vMDBEREI2OEU4NkI4OEEwRjY3REQ0REFCQ0M5NDRFMTQueWw0LmFwLXNvdXRoLTEuZWtzLmFtYXpvbmF3cy5jb20nIC0tYjY0LWNsdXN0ZXItY2EgJ0xTMHRMUzFDUlVkSlRpQkRSVkpVU1VaSlEwRlVSUzB0TFMwdENrMUpTVU41UkVORFFXSkRaMEYzU1VKQlowbENRVVJCVGtKbmEzRm9hMmxIT1hjd1FrRlJjMFpCUkVGV1RWSk5kMFZSV1VSV1VWRkVSWGR3Y21SWFNtd0tZMjAxYkdSSFZucE5RalJZUkZSRk5VMVVSWGhQVkVVMVRsUk5kMDVzYjFoRVZFazFUVlJGZUU1cVJUVk9WRTEzVG14dmQwWlVSVlJOUWtWSFFURlZSUXBCZUUxTFlUTldhVnBZU25WYVdGSnNZM3BEUTBGVFNYZEVVVmxLUzI5YVNXaDJZMDVCVVVWQ1FsRkJSR2RuUlZCQlJFTkRRVkZ2UTJkblJVSkJUVWhXQ2xaMlQycFBWVnB2TlVSTVFtUjNjRkJRYTNSeU9XcHVOR0poYnpFdlJVd3dTMEo0YURWRWQzbzNLMkpZWW1sRmQxTkRTemxZWjA1M1JWbzRjeTgzZGtFS1lXOXFiSEJVVGpsQk1qQklNbXBGVTB4VlJrUlJlVzgwZVVsaGFrRjVSMVphTVZWc2VVcGlaSGRUYzIxRGRXTlRabWg2YWxSa1NEVmlUMjlXWmpRMWNRbzVVSFJ5ZWpkU05EWkhWRUU0Ym5SbVRVSmxWVmcxVURsTlJIcFhXV3B4UlZsWWIwUjZSSEk1UTFOdFJuaE1Lek5JVDFoSGNqRnZVMDlYWmxWYVZtODNDbU5vWlVGQ1pGcFNkQ3RJV1dGb1luTTNRVVJ2UzBZMWIyOTVOV2hTT0d3NVZXdGxURlk0SzJaaldWTkZhemgyUVV0cVp6QlhOVFpyTW5oeVRrNWhTWEVLYVhwdlVFdzBhVWd3T0N0eVpESnFUbWtyU0RCMk5UZFpVWEpFZUdKcVlrZElSazl6TlZaaFUwTnlaekpMWVc5b09UTk9kbGRYY21jemVWRmhibTVHZFFwbmEyRlFZVzF3T0ZWMVUyOXdXQzl3YzAwNFEwRjNSVUZCWVUxcVRVTkZkMFJuV1VSV1VqQlFRVkZJTDBKQlVVUkJaMHRyVFVFNFIwRXhWV1JGZDBWQ0NpOTNVVVpOUVUxQ1FXWTRkMFJSV1VwTGIxcEphSFpqVGtGUlJVeENVVUZFWjJkRlFrRk1ORFkyYTBGTVNVNUxRVWxUYzFGc1pFWlZOSGQ1VmtsTWF6QUtZbFJ0TWtjNWRFRnljRlZ5ZFZwU1VFSmplbEpSVkhWMlUyTktURVp1TjA1aVdqTkpjVVJFU3poVVZVMHZWMFI2VmpaRFFWUmxOa3RsVG10bWJsQmtMd3BrTHpkWmRVZGtWREpvU0dscGVGWm1RbmxDVW5rME5XOXZkVXAwWVRkcVZVNDViRXAyYW5aaVZ6QTRVWEY0V1dGNFNFVmtaVlU1Vnl0d05GRXlNbkpNQ2t0TFdtZEtaM1U0TUZBNGRGbHVRMFJpZUdWSkt6SnVTemw1UTNaMFdFOHdRak5tTURCdVlXcDBZbUpGUmpZNFVHeG5NbGxHUlRKRVdrVlNUMnRIT0VjS2NYRjRUbnBQVnpoR1JVUnBRWEpDTkhwbFEzSm5VelV4TURKNE4xWkJhbEJIV201V1YyNVNhRzFpTkdreVdrbG9aMmRVZDFObFFVTjZNa2t3VWtGRE13cDVZa1ZvVkU1V05UVXdPSE5DZWl0UFVIZG5ORzlWTVdKblRHNTRkVGgzT1N0MVJpOVBaQ3RYV2sxclluTXpPVEJyV1ZWQlMzWkVUbWxTVVQwS0xTMHRMUzFGVGtRZ1EwVlNWRWxHU1VOQlZFVXRMUzB0TFFvPScgJzEnCg==",
                                "vpc_classic_link_id": "",
                                "vpc_classic_link_security_groups.#": "0"
                            },
                            "meta": {},
                            "tainted": false
                        }
                    ],
                    "provider": "provider.aws"
                },
                "aws_security_group.cluster-sg": {
                    "type": "aws_security_group",
                    "depends_on": [],
                    "primary": {
                        "id": "sg-080c2926c77453f11",
                        "attributes": {
                            "arn": "arn:aws:ec2:eu-central-1:845863403425:security-group/sg-080c2926c77453f11",
                            "description": "Cluster communication with worker nodes",
                            "egress.#": "1",
                            "egress.482069346.cidr_blocks.#": "1",
                            "egress.482069346.cidr_blocks.0": "0.0.0.0/0",
                            "egress.482069346.description": "",
                            "egress.482069346.from_port": "0",
                            "egress.482069346.ipv6_cidr_blocks.#": "0",
                            "egress.482069346.prefix_list_ids.#": "0",
                            "egress.482069346.protocol": "-1",
                            "egress.482069346.security_groups.#": "0",
                            "egress.482069346.self": "false",
                            "egress.482069346.to_port": "0",
                            "id": "sg-080c2926c77453f11",
                            "ingress.#": "2",
                            "ingress.1457588450.cidr_blocks.#": "0",
                            "ingress.1457588450.description": "Allow pods to communicate with the cluster API Server",
                            "ingress.1457588450.from_port": "443",
                            "ingress.1457588450.ipv6_cidr_blocks.#": "0",
                            "ingress.1457588450.prefix_list_ids.#": "0",
                            "ingress.1457588450.protocol": "tcp",
                            "ingress.1457588450.security_groups.#": "1",
                            "ingress.1457588450.security_groups.2851540662": "sg-08687dc04cf1be674",
                            "ingress.1457588450.self": "false",
                            "ingress.1457588450.to_port": "443",
                            "ingress.4095506760.cidr_blocks.#": "1",
                            "ingress.4095506760.cidr_blocks.0": "0.0.0.0/0",
                            "ingress.4095506760.description": "Allow workstation to communicate with the cluster API Server",
                            "ingress.4095506760.from_port": "443",
                            "ingress.4095506760.ipv6_cidr_blocks.#": "0",
                            "ingress.4095506760.prefix_list_ids.#": "0",
                            "ingress.4095506760.protocol": "tcp",
                            "ingress.4095506760.security_groups.#": "0",
                            "ingress.4095506760.self": "false",
                            "ingress.4095506760.to_port": "443",
                            "name": "clusterSG",
                            "owner_id": "845863403425",
                            "revoke_rules_on_delete": "false",
                            "tags.%": "1",
                            "tags.Name": "cluster",
                            "vpc_id": "vpc-0984929333e0804a2"
                        },
                        "meta": {
                            "e2bfb730-ecaa-11e6-8f88-34363bc7c4c0": {
                                "create": 600000000000,
                                "delete": 600000000000
                            },
                            "schema_version": "1"
                        },
                        "tainted": false
                    },
                    "deposed": [],
                    "provider": "provider.aws"
                },
                "aws_security_group.eks_alb_sg": {
                    "type": "aws_security_group",
                    "depends_on": [],
                    "primary": {
                        "id": "sg-0d1abbef8d80c7d51",
                        "attributes": {
                            "arn": "arn:aws:ec2:eu-central-1:845863403425:security-group/sg-0d1abbef8d80c7d51",
                            "description": "Allow worker nodes pods to communicate with outsiders",
                            "egress.#": "1",
                            "egress.482069346.cidr_blocks.#": "1",
                            "egress.482069346.cidr_blocks.0": "0.0.0.0/0",
                            "egress.482069346.description": "",
                            "egress.482069346.from_port": "0",
                            "egress.482069346.ipv6_cidr_blocks.#": "0",
                            "egress.482069346.prefix_list_ids.#": "0",
                            "egress.482069346.protocol": "-1",
                            "egress.482069346.security_groups.#": "0",
                            "egress.482069346.self": "false",
                            "egress.482069346.to_port": "0",
                            "id": "sg-0d1abbef8d80c7d51",
                            "ingress.#": "3",
                            "ingress.2292015864.cidr_blocks.#": "0",
                            "ingress.2292015864.description": "",
                            "ingress.2292015864.from_port": "80",
                            "ingress.2292015864.ipv6_cidr_blocks.#": "0",
                            "ingress.2292015864.prefix_list_ids.#": "0",
                            "ingress.2292015864.protocol": "tcp",
                            "ingress.2292015864.security_groups.#": "1",
                            "ingress.2292015864.security_groups.2851540662": "sg-08687dc04cf1be674",
                            "ingress.2292015864.self": "false",
                            "ingress.2292015864.to_port": "80",
                            "ingress.24943370.cidr_blocks.#": "0",
                            "ingress.24943370.description": "",
                            "ingress.24943370.from_port": "443",
                            "ingress.24943370.ipv6_cidr_blocks.#": "0",
                            "ingress.24943370.prefix_list_ids.#": "0",
                            "ingress.24943370.protocol": "tcp",
                            "ingress.24943370.security_groups.#": "1",
                            "ingress.24943370.security_groups.2851540662": "sg-08687dc04cf1be674",
                            "ingress.24943370.self": "false",
                            "ingress.24943370.to_port": "443",
                            "ingress.2517505860.cidr_blocks.#": "0",
                            "ingress.2517505860.description": "",
                            "ingress.2517505860.from_port": "0",
                            "ingress.2517505860.ipv6_cidr_blocks.#": "0",
                            "ingress.2517505860.prefix_list_ids.#": "0",
                            "ingress.2517505860.protocol": "tcp",
                            "ingress.2517505860.security_groups.#": "1",
                            "ingress.2517505860.security_groups.2851540662": "sg-08687dc04cf1be674",
                            "ingress.2517505860.self": "false",
                            "ingress.2517505860.to_port": "65535",
                            "name": "eks-alb-loadbalancer-sg",
                            "owner_id": "845863403425",
                            "revoke_rules_on_delete": "false",
                            "tags.%": "1",
                            "tags.Name": "eks-alb-sg",
                            "vpc_id": "vpc-0984929333e0804a2"
                        },
                        "meta": {
                            "e2bfb730-ecaa-11e6-8f88-34363bc7c4c0": {
                                "create": 600000000000,
                                "delete": 600000000000
                            },
                            "schema_version": "1"
                        },
                        "tainted": false
                    },
                    "deposed": [],
                    "provider": "provider.aws"
                },
                "aws_security_group.worker-node-sg": {
                    "type": "aws_security_group",
                    "depends_on": [],
                    "primary": {
                        "id": "sg-08687dc04cf1be674",
                        "attributes": {
                            "arn": "arn:aws:ec2:eu-central-1:845863403425:security-group/sg-08687dc04cf1be674",
                            "description": "Security group for all nodes in the cluster",
                            "egress.#": "1",
                            "egress.482069346.cidr_blocks.#": "1",
                            "egress.482069346.cidr_blocks.0": "0.0.0.0/0",
                            "egress.482069346.description": "",
                            "egress.482069346.from_port": "0",
                            "egress.482069346.ipv6_cidr_blocks.#": "0",
                            "egress.482069346.prefix_list_ids.#": "0",
                            "egress.482069346.protocol": "-1",
                            "egress.482069346.security_groups.#": "0",
                            "egress.482069346.self": "false",
                            "egress.482069346.to_port": "0",
                            "id": "sg-08687dc04cf1be674",
                            "ingress.#": "4",
                            "ingress.2278689831.cidr_blocks.#": "0",
                            "ingress.2278689831.description": "Allow node to communicate with each other",
                            "ingress.2278689831.from_port": "0",
                            "ingress.2278689831.ipv6_cidr_blocks.#": "0",
                            "ingress.2278689831.prefix_list_ids.#": "0",
                            "ingress.2278689831.protocol": "-1",
                            "ingress.2278689831.security_groups.#": "0",
                            "ingress.2278689831.self": "true",
                            "ingress.2278689831.to_port": "0",
                            "ingress.2604219307.cidr_blocks.#": "0",
                            "ingress.2604219307.description": "Allow worker Kubelets and pods to receive communication from alb",
                            "ingress.2604219307.from_port": "0",
                            "ingress.2604219307.ipv6_cidr_blocks.#": "0",
                            "ingress.2604219307.prefix_list_ids.#": "0",
                            "ingress.2604219307.protocol": "tcp",
                            "ingress.2604219307.security_groups.#": "1",
                            "ingress.2604219307.security_groups.1454377499": "sg-0d1abbef8d80c7d51",
                            "ingress.2604219307.self": "false",
                            "ingress.2604219307.to_port": "65535",
                            "ingress.3381870297.cidr_blocks.#": "0",
                            "ingress.3381870297.description": "Allow worker Kubelets and pods to receive communication from the cluster control plane",
                            "ingress.3381870297.from_port": "1025",
                            "ingress.3381870297.ipv6_cidr_blocks.#": "0",
                            "ingress.3381870297.prefix_list_ids.#": "0",
                            "ingress.3381870297.protocol": "tcp",
                            "ingress.3381870297.security_groups.#": "1",
                            "ingress.3381870297.security_groups.3556912201": "sg-080c2926c77453f11",
                            "ingress.3381870297.self": "false",
                            "ingress.3381870297.to_port": "65535",
                            "ingress.3594132544.cidr_blocks.#": "0",
                            "ingress.3594132544.description": "Allow worker Kubelets and pods to receive communication from the control server",
                            "ingress.3594132544.from_port": "0",
                            "ingress.3594132544.ipv6_cidr_blocks.#": "0",
                            "ingress.3594132544.prefix_list_ids.#": "0",
                            "ingress.3594132544.protocol": "tcp",
                            "ingress.3594132544.security_groups.#": "1",
                            "ingress.3594132544.security_groups.2872984014": "sg-0e2a806ef1be9faa9",
                            "ingress.3594132544.self": "false",
                            "ingress.3594132544.to_port": "65535",
                            "name": "worker-nodeSG",
                            "owner_id": "845863403425",
                            "revoke_rules_on_delete": "false",
                            "tags.%": "2",
                            "tags.Name": "worker-node-sg",
                            "tags.kubernetes.io/cluster/": "digital-lab-cluster",
                            "vpc_id": "vpc-0984929333e0804a2"
                        },
                        "meta": {
                            "e2bfb730-ecaa-11e6-8f88-34363bc7c4c0": {
                                "create": 600000000000,
                                "delete": 600000000000
                            },
                            "schema_version": "1"
                        },
                        "tainted": false
                    },
                    "deposed": [],
                    "provider": "provider.aws"
                },
                "aws_security_group_rule.allow_http": {
                    "type": "aws_security_group_rule",
                    "depends_on": [
                        "aws_security_group.eks_alb_sg",
                        "aws_security_group.worker-node-sg"
                    ],
                    "primary": {
                        "id": "sgrule-765958612",
                        "attributes": {
                            "cidr_blocks.#": "0",
                            "description": "",
                            "from_port": "80",
                            "id": "sgrule-765958612",
                            "ipv6_cidr_blocks.#": "0",
                            "prefix_list_ids.#": "0",
                            "protocol": "tcp",
                            "security_group_id": "sg-0d1abbef8d80c7d51",
                            "self": "false",
                            "source_security_group_id": "sg-08687dc04cf1be674",
                            "to_port": "80",
                            "type": "ingress"
                        },
                        "meta": {
                            "schema_version": "2"
                        },
                        "tainted": false
                    },
                    "deposed": [],
                    "provider": "provider.aws"
                },
                "aws_security_group_rule.allow_https": {
                    "type": "aws_security_group_rule",
                    "depends_on": [
                        "aws_security_group.eks_alb_sg",
                        "aws_security_group.worker-node-sg"
                    ],
                    "primary": {
                        "id": "sgrule-4118794751",
                        "attributes": {
                            "cidr_blocks.#": "0",
                            "description": "",
                            "from_port": "443",
                            "id": "sgrule-4118794751",
                            "ipv6_cidr_blocks.#": "0",
                            "prefix_list_ids.#": "0",
                            "protocol": "tcp",
                            "security_group_id": "sg-0d1abbef8d80c7d51",
                            "self": "false",
                            "source_security_group_id": "sg-08687dc04cf1be674",
                            "to_port": "443",
                            "type": "ingress"
                        },
                        "meta": {
                            "schema_version": "2"
                        },
                        "tainted": false
                    },
                    "deposed": [],
                    "provider": "provider.aws"
                },
                "aws_security_group_rule.allow_worker_node": {
                    "type": "aws_security_group_rule",
                    "depends_on": [
                        "aws_security_group.eks_alb_sg",
                        "aws_security_group.worker-node-sg"
                    ],
                    "primary": {
                        "id": "sgrule-2219134352",
                        "attributes": {
                            "cidr_blocks.#": "0",
                            "description": "",
                            "from_port": "0",
                            "id": "sgrule-2219134352",
                            "ipv6_cidr_blocks.#": "0",
                            "prefix_list_ids.#": "0",
                            "protocol": "tcp",
                            "security_group_id": "sg-0d1abbef8d80c7d51",
                            "self": "false",
                            "source_security_group_id": "sg-08687dc04cf1be674",
                            "to_port": "65535",
                            "type": "ingress"
                        },
                        "meta": {
                            "schema_version": "2"
                        },
                        "tainted": false
                    },
                    "deposed": [],
                    "provider": "provider.aws"
                },
                "aws_security_group_rule.cluster-ingress-node-https": {
                    "type": "aws_security_group_rule",
                    "depends_on": [
                        "aws_security_group.cluster-sg",
                        "aws_security_group.worker-node-sg"
                    ],
                    "primary": {
                        "id": "sgrule-1409278221",
                        "attributes": {
                            "cidr_blocks.#": "0",
                            "description": "Allow pods to communicate with the cluster API Server",
                            "from_port": "443",
                            "id": "sgrule-1409278221",
                            "ipv6_cidr_blocks.#": "0",
                            "prefix_list_ids.#": "0",
                            "protocol": "tcp",
                            "security_group_id": "sg-080c2926c77453f11",
                            "self": "false",
                            "source_security_group_id": "sg-08687dc04cf1be674",
                            "to_port": "443",
                            "type": "ingress"
                        },
                        "meta": {
                            "schema_version": "2"
                        },
                        "tainted": false
                    },
                    "deposed": [],
                    "provider": "provider.aws"
                },
                "aws_security_group_rule.cluster-ingress-workstation-https": {
                    "type": "aws_security_group_rule",
                    "depends_on": [
                        "aws_security_group.cluster-sg"
                    ],
                    "primary": {
                        "id": "sgrule-1200267895",
                        "attributes": {
                            "cidr_blocks.#": "1",
                            "cidr_blocks.0": "0.0.0.0/0",
                            "description": "Allow workstation to communicate with the cluster API Server",
                            "from_port": "443",
                            "id": "sgrule-1200267895",
                            "ipv6_cidr_blocks.#": "0",
                            "prefix_list_ids.#": "0",
                            "protocol": "tcp",
                            "security_group_id": "sg-080c2926c77453f11",
                            "self": "false",
                            "to_port": "443",
                            "type": "ingress"
                        },
                        "meta": {
                            "schema_version": "2"
                        },
                        "tainted": false
                    },
                    "deposed": [],
                    "provider": "provider.aws"
                },
                "aws_security_group_rule.worker-node-for-alb": {
                    "type": "aws_security_group_rule",
                    "depends_on": [
                        "aws_security_group.eks_alb_sg",
                        "aws_security_group.worker-node-sg"
                    ],
                    "primary": {
                        "id": "sgrule-3661159679",
                        "attributes": {
                            "cidr_blocks.#": "0",
                            "description": "Allow worker Kubelets and pods to receive communication from alb",
                            "from_port": "0",
                            "id": "sgrule-3661159679",
                            "ipv6_cidr_blocks.#": "0",
                            "prefix_list_ids.#": "0",
                            "protocol": "tcp",
                            "security_group_id": "sg-08687dc04cf1be674",
                            "self": "false",
                            "source_security_group_id": "sg-0d1abbef8d80c7d51",
                            "to_port": "65535",
                            "type": "ingress"
                        },
                        "meta": {
                            "schema_version": "2"
                        },
                        "tainted": false
                    },
                    "deposed": [],
                    "provider": "provider.aws"
                },
                "aws_security_group_rule.worker-node-for-control-server": {
                    "type": "aws_security_group_rule",
                    "depends_on": [
                        "aws_security_group.worker-node-sg"
                    ],
                    "primary": {
                        "id": "sgrule-3346630707",
                        "attributes": {
                            "cidr_blocks.#": "0",
                            "description": "Allow worker Kubelets and pods to receive communication from the control server",
                            "from_port": "0",
                            "id": "sgrule-3346630707",
                            "ipv6_cidr_blocks.#": "0",
                            "prefix_list_ids.#": "0",
                            "protocol": "tcp",
                            "security_group_id": "sg-08687dc04cf1be674",
                            "self": "false",
                            "source_security_group_id": "sg-0e2a806ef1be9faa9",
                            "to_port": "65535",
                            "type": "ingress"
                        },
                        "meta": {
                            "schema_version": "2"
                        },
                        "tainted": false
                    },
                    "deposed": [],
                    "provider": "provider.aws"
                },
                "aws_security_group_rule.worker-node-ingress-cluster": {
                    "type": "aws_security_group_rule",
                    "depends_on": [
                        "aws_security_group.cluster-sg",
                        "aws_security_group.worker-node-sg"
                    ],
                    "primary": {
                        "id": "sgrule-1219391624",
                        "attributes": {
                            "cidr_blocks.#": "0",
                            "description": "Allow worker Kubelets and pods to receive communication from the cluster control plane",
                            "from_port": "1025",
                            "id": "sgrule-1219391624",
                            "ipv6_cidr_blocks.#": "0",
                            "prefix_list_ids.#": "0",
                            "protocol": "tcp",
                            "security_group_id": "sg-08687dc04cf1be674",
                            "self": "false",
                            "source_security_group_id": "sg-080c2926c77453f11",
                            "to_port": "65535",
                            "type": "ingress"
                        },
                        "meta": {
                            "schema_version": "2"
                        },
                        "tainted": false
                    },
                    "deposed": [],
                    "provider": "provider.aws"
                },
                "aws_security_group_rule.worker-node-ingress-self": {
                    "type": "aws_security_group_rule",
                    "depends_on": [
                        "aws_security_group.worker-node-sg"
                    ],
                    "primary": {
                        "id": "sgrule-1056970187",
                        "attributes": {
                            "cidr_blocks.#": "0",
                            "description": "Allow node to communicate with each other",
                            "from_port": "0",
                            "id": "sgrule-1056970187",
                            "ipv6_cidr_blocks.#": "0",
                            "prefix_list_ids.#": "0",
                            "protocol": "-1",
                            "security_group_id": "sg-08687dc04cf1be674",
                            "self": "false",
                            "source_security_group_id": "sg-08687dc04cf1be674",
                            "to_port": "0",
                            "type": "ingress"
                        },
                        "meta": {
                            "schema_version": "2"
                        },
                        "tainted": false
                    },
                    "deposed": [],
                    "provider": "provider.aws"
                },
                "data.aws_ami.eks-worker": {
                    "type": "aws_ami",
                    "depends_on": [
                        "aws_eks_cluster.eks-cluster"
                    ],
                    "primary": {
                        "id": "ami-0e21bc066a9dbabfa",
                        "attributes": {
                            "architecture": "x86_64",
                            "block_device_mappings.#": "1",
                            "block_device_mappings.3798922657.device_name": "/dev/xvda",
                            "block_device_mappings.3798922657.ebs.%": "6",
                            "block_device_mappings.3798922657.ebs.delete_on_termination": "true",
                            "block_device_mappings.3798922657.ebs.encrypted": "false",
                            "block_device_mappings.3798922657.ebs.iops": "0",
                            "block_device_mappings.3798922657.ebs.snapshot_id": "snap-0f48918b9ebfdcf0a",
                            "block_device_mappings.3798922657.ebs.volume_size": "20",
                            "block_device_mappings.3798922657.ebs.volume_type": "gp2",
                            "block_device_mappings.3798922657.no_device": "",
                            "block_device_mappings.3798922657.virtual_name": "",
                            "creation_date": "2019-09-28T10:33:00.000Z",
                            "description": "EKS Kubernetes Worker AMI with AmazonLinux2 image, (k8s: 1.14.7, docker:18.06)",
                            "filter.#": "1",
                            "filter.2918724906.name": "name",
                            "filter.2918724906.values.#": "1",
                            "filter.2918724906.values.0": "amazon-eks-node-1.14-v*",
                            "hypervisor": "xen",
                            "id": "ami-0e21bc066a9dbabfa",
                            "image_id": "ami-0e21bc066a9dbabfa",
                            "image_location": "amazon/amazon-eks-node-1.14-v20190927",
                            "image_owner_alias": "amazon",
                            "image_type": "machine",
                            "most_recent": "true",
                            "name": "amazon-eks-node-1.14-v20190927",
                            "owner_id": "602401143452",
                            "owners.#": "1",
                            "owners.0": "602401143452",
                            "product_codes.#": "0",
                            "public": "true",
                            "root_device_name": "/dev/xvda",
                            "root_device_type": "ebs",
                            "root_snapshot_id": "snap-0f48918b9ebfdcf0a",
                            "sriov_net_support": "simple",
                            "state": "available",
                            "state_reason.%": "2",
                            "state_reason.code": "UNSET",
                            "state_reason.message": "UNSET",
                            "tags.%": "0",
                            "virtualization_type": "hvm"
                        },
                        "meta": {},
                        "tainted": false
                    },
                    "deposed": [],
                    "provider": "provider.aws"
                },
                "data.http.workstation-external-ip": {
                    "type": "http",
                    "depends_on": [],
                    "primary": {
                        "id": "2019-11-19 21:31:49.286558093 +0000 UTC",
                        "attributes": {
                            "body": "92.46.39.42\n",
                            "id": "2019-11-19 21:31:49.286558093 +0000 UTC",
                            "url": "http://ipv4.icanhazip.com"
                        },
                        "meta": {},
                        "tainted": false
                    },
                    "deposed": [],
                    "provider": "provider.http"
                }
            },
            "depends_on": []
        },
        {
            "path": [
                "root",
                "kubernetes-server"
            ],
            "outputs": {
                "kubernetes-server-instance-sg": {
                    "sensitive": false,
                    "type": "string",
                    "value": "sg-0e2a806ef1be9faa9"
                }
            },
            "resources": {
                "aws_security_group.kubernetes-server-instance-sg": {
                    "type": "aws_security_group",
                    "depends_on": [],
                    "primary": {
                        "id": "sg-0e2a806ef1be9faa9",
                        "attributes": {
                            "arn": "arn:aws:ec2:eu-central-1:845863403425:security-group/sg-0e2a806ef1be9faa9",
                            "description": "kubectl_instance_sg",
                            "egress.#": "1",
                            "egress.482069346.cidr_blocks.#": "1",
                            "egress.482069346.cidr_blocks.0": "0.0.0.0/0",
                            "egress.482069346.description": "",
                            "egress.482069346.from_port": "0",
                            "egress.482069346.ipv6_cidr_blocks.#": "0",
                            "egress.482069346.prefix_list_ids.#": "0",
                            "egress.482069346.protocol": "-1",
                            "egress.482069346.security_groups.#": "0",
                            "egress.482069346.self": "false",
                            "egress.482069346.to_port": "0",
                            "id": "sg-0e2a806ef1be9faa9",
                            "ingress.#": "1",
                            "ingress.2541437006.cidr_blocks.#": "1",
                            "ingress.2541437006.cidr_blocks.0": "0.0.0.0/0",
                            "ingress.2541437006.description": "",
                            "ingress.2541437006.from_port": "22",
                            "ingress.2541437006.ipv6_cidr_blocks.#": "0",
                            "ingress.2541437006.prefix_list_ids.#": "0",
                            "ingress.2541437006.protocol": "tcp",
                            "ingress.2541437006.security_groups.#": "0",
                            "ingress.2541437006.self": "false",
                            "ingress.2541437006.to_port": "22",
                            "name": "kubernetes-server-instance-sg",
                            "owner_id": "845863403425",
                            "revoke_rules_on_delete": "false",
                            "tags.%": "1",
                            "tags.Name": "kubectl_server-SG",
                            "vpc_id": "vpc-0984929333e0804a2"
                        },
                        "meta": {
                            "e2bfb730-ecaa-11e6-8f88-34363bc7c4c0": {
                                "create": 600000000000,
                                "delete": 600000000000
                            },
                            "schema_version": "1"
                        },
                        "tainted": false
                    },
                    "deposed": [],
                    "provider": "provider.aws"
                }
            },
            "depends_on": []
        },
        {
            "path": [
                "root",
                "vpc"
            ],
            "outputs": {
                "master_subnet": {
                    "sensitive": false,
                    "type": "list",
                    "value": [
                        "subnet-0132c0d530185e3c2",
                        "subnet-0813d53eda83d3ca8",
                        "subnet-05ffd281e6abb46f3"
                    ]
                },
                "private_subnet": {
                    "sensitive": false,
                    "type": "list",
                    "value": [
                        "subnet-00127474694da4223",
                        "subnet-0cb3df241bfc9e81c",
                        "subnet-00d8c4be3cbb93390"
                    ]
                },
                "public_subnet": {
                    "sensitive": false,
                    "type": "list",
                    "value": [
                        "subnet-09f4a10bdca209235",
                        "subnet-0e8f5c0f4d276a166",
                        "subnet-05493a533b24f8770"
                    ]
                },
                "vpc_cidr_block": {
                    "sensitive": false,
                    "type": "string",
                    "value": "10.0.0.0/16"
                },
                "vpc_id": {
                    "sensitive": false,
                    "type": "string",
                    "value": "vpc-0984929333e0804a2"
                },
                "worker_node_subnet": {
                    "sensitive": false,
                    "type": "list",
                    "value": [
                        "subnet-0efcf321033c0c7d9",
                        "subnet-0303ad5916836279f",
                        "subnet-061c48859570364e0"
                    ]
                }
            },
            "resources": {
                "aws_eip.eip": {
                    "type": "aws_eip",
                    "depends_on": [],
                    "primary": {
                        "id": "eipalloc-01fa22db5e8fbb84c",
                        "attributes": {
                            "association_id": "eipassoc-41e2768c",
                            "domain": "vpc",
                            "id": "eipalloc-01fa22db5e8fbb84c",
                            "instance": "",
                            "network_interface": "eni-026612203706b43a5",
                            "private_dns": "ip-10-0-48-226.eu-central-1.compute.internal",
                            "private_ip": "10.0.48.226",
                            "public_dns": "ec2-3-125-69-143.eu-central-1.compute.amazonaws.com",
                            "public_ip": "3.125.69.143",
                            "public_ipv4_pool": "amazon",
                            "tags.%": "1",
                            "tags.Name": "Elastic IP",
                            "vpc": "true"
                        },
                        "meta": {
                            "e2bfb730-ecaa-11e6-8f88-34363bc7c4c0": {
                                "delete": 180000000000,
                                "read": 900000000000,
                                "update": 300000000000
                            }
                        },
                        "tainted": false
                    },
                    "deposed": [],
                    "provider": "provider.aws"
                },
                "aws_internet_gateway.igw": {
                    "type": "aws_internet_gateway",
                    "depends_on": [
                        "aws_vpc.this"
                    ],
                    "primary": {
                        "id": "igw-0402706bafc854f30",
                        "attributes": {
                            "id": "igw-0402706bafc854f30",
                            "owner_id": "845863403425",
                            "tags.%": "1",
                            "tags.Name": "Internet-Gateway",
                            "vpc_id": "vpc-0984929333e0804a2"
                        },
                        "meta": {},
                        "tainted": false
                    },
                    "deposed": [],
                    "provider": "provider.aws"
                },
                "aws_nat_gateway.nat-gw": {
                    "type": "aws_nat_gateway",
                    "depends_on": [
                        "aws_eip.eip",
                        "aws_subnet.master_subnet.*"
                    ],
                    "primary": {
                        "id": "nat-010c987fac8ef1245",
                        "attributes": {
                            "allocation_id": "eipalloc-01fa22db5e8fbb84c",
                            "id": "nat-010c987fac8ef1245",
                            "network_interface_id": "eni-026612203706b43a5",
                            "private_ip": "10.0.48.226",
                            "public_ip": "3.125.69.143",
                            "subnet_id": "subnet-0132c0d530185e3c2",
                            "tags.%": "1",
                            "tags.Name": "Nat_gateway"
                        },
                        "meta": {},
                        "tainted": false
                    },
                    "deposed": [],
                    "provider": "provider.aws"
                },
                "aws_route_table.rt_private": {
                    "type": "aws_route_table",
                    "depends_on": [
                        "aws_nat_gateway.nat-gw",
                        "aws_vpc.this"
                    ],
                    "primary": {
                        "id": "rtb-033a0fc940651ff71",
                        "attributes": {
                            "id": "rtb-033a0fc940651ff71",
                            "owner_id": "845863403425",
                            "propagating_vgws.#": "0",
                            "route.#": "1",
                            "route.885473613.cidr_block": "0.0.0.0/0",
                            "route.885473613.egress_only_gateway_id": "",
                            "route.885473613.gateway_id": "",
                            "route.885473613.instance_id": "",
                            "route.885473613.ipv6_cidr_block": "",
                            "route.885473613.nat_gateway_id": "nat-010c987fac8ef1245",
                            "route.885473613.network_interface_id": "",
                            "route.885473613.transit_gateway_id": "",
                            "route.885473613.vpc_peering_connection_id": "",
                            "tags.%": "1",
                            "tags.Name": "Private_route_table",
                            "vpc_id": "vpc-0984929333e0804a2"
                        },
                        "meta": {},
                        "tainted": false
                    },
                    "deposed": [],
                    "provider": "provider.aws"
                },
                "aws_route_table.rt_public": {
                    "type": "aws_route_table",
                    "depends_on": [
                        "aws_internet_gateway.igw",
                        "aws_vpc.this"
                    ],
                    "primary": {
                        "id": "rtb-092b773d26f9dca66",
                        "attributes": {
                            "id": "rtb-092b773d26f9dca66",
                            "owner_id": "845863403425",
                            "propagating_vgws.#": "0",
                            "route.#": "1",
                            "route.3286368937.cidr_block": "0.0.0.0/0",
                            "route.3286368937.egress_only_gateway_id": "",
                            "route.3286368937.gateway_id": "igw-0402706bafc854f30",
                            "route.3286368937.instance_id": "",
                            "route.3286368937.ipv6_cidr_block": "",
                            "route.3286368937.nat_gateway_id": "",
                            "route.3286368937.network_interface_id": "",
                            "route.3286368937.transit_gateway_id": "",
                            "route.3286368937.vpc_peering_connection_id": "",
                            "tags.%": "1",
                            "tags.Name": "Public_route_table",
                            "vpc_id": "vpc-0984929333e0804a2"
                        },
                        "meta": {},
                        "tainted": false
                    },
                    "deposed": [],
                    "provider": "provider.aws"
                },
                "aws_route_table_association.master.0": {
                    "type": "aws_route_table_association",
                    "depends_on": [
                        "aws_route_table.rt_public",
                        "aws_subnet.master_subnet.*"
                    ],
                    "primary": {
                        "id": "rtbassoc-0569715b968d56d5f",
                        "attributes": {
                            "id": "rtbassoc-0569715b968d56d5f",
                            "route_table_id": "rtb-092b773d26f9dca66",
                            "subnet_id": "subnet-0132c0d530185e3c2"
                        },
                        "meta": {},
                        "tainted": false
                    },
                    "deposed": [],
                    "provider": "provider.aws"
                },
                "aws_route_table_association.master.1": {
                    "type": "aws_route_table_association",
                    "depends_on": [
                        "aws_route_table.rt_public",
                        "aws_subnet.master_subnet.*"
                    ],
                    "primary": {
                        "id": "rtbassoc-05cebb83c028fb60d",
                        "attributes": {
                            "id": "rtbassoc-05cebb83c028fb60d",
                            "route_table_id": "rtb-092b773d26f9dca66",
                            "subnet_id": "subnet-0813d53eda83d3ca8"
                        },
                        "meta": {},
                        "tainted": false
                    },
                    "deposed": [],
                    "provider": "provider.aws"
                },
                "aws_route_table_association.master.2": {
                    "type": "aws_route_table_association",
                    "depends_on": [
                        "aws_route_table.rt_public",
                        "aws_subnet.master_subnet.*"
                    ],
                    "primary": {
                        "id": "rtbassoc-01af743d8fa3574f5",
                        "attributes": {
                            "id": "rtbassoc-01af743d8fa3574f5",
                            "route_table_id": "rtb-092b773d26f9dca66",
                            "subnet_id": "subnet-05ffd281e6abb46f3"
                        },
                        "meta": {},
                        "tainted": false
                    },
                    "deposed": [],
                    "provider": "provider.aws"
                },
                "aws_route_table_association.private_sub.0": {
                    "type": "aws_route_table_association",
                    "depends_on": [
                        "aws_route_table.rt_private",
                        "aws_subnet.private_subnet.*"
                    ],
                    "primary": {
                        "id": "rtbassoc-081be9c5e1338c8e6",
                        "attributes": {
                            "id": "rtbassoc-081be9c5e1338c8e6",
                            "route_table_id": "rtb-033a0fc940651ff71",
                            "subnet_id": "subnet-00127474694da4223"
                        },
                        "meta": {},
                        "tainted": false
                    },
                    "deposed": [],
                    "provider": "provider.aws"
                },
                "aws_route_table_association.private_sub.1": {
                    "type": "aws_route_table_association",
                    "depends_on": [
                        "aws_route_table.rt_private",
                        "aws_subnet.private_subnet.*"
                    ],
                    "primary": {
                        "id": "rtbassoc-0f455fffd27ebf55c",
                        "attributes": {
                            "id": "rtbassoc-0f455fffd27ebf55c",
                            "route_table_id": "rtb-033a0fc940651ff71",
                            "subnet_id": "subnet-0cb3df241bfc9e81c"
                        },
                        "meta": {},
                        "tainted": false
                    },
                    "deposed": [],
                    "provider": "provider.aws"
                },
                "aws_route_table_association.private_sub.2": {
                    "type": "aws_route_table_association",
                    "depends_on": [
                        "aws_route_table.rt_private",
                        "aws_subnet.private_subnet.*"
                    ],
                    "primary": {
                        "id": "rtbassoc-08936316e5a0f9c37",
                        "attributes": {
                            "id": "rtbassoc-08936316e5a0f9c37",
                            "route_table_id": "rtb-033a0fc940651ff71",
                            "subnet_id": "subnet-00d8c4be3cbb93390"
                        },
                        "meta": {},
                        "tainted": false
                    },
                    "deposed": [],
                    "provider": "provider.aws"
                },
                "aws_route_table_association.public.0": {
                    "type": "aws_route_table_association",
                    "depends_on": [
                        "aws_route_table.rt_public",
                        "aws_subnet.public_subnet.*"
                    ],
                    "primary": {
                        "id": "rtbassoc-05f50cbc244e1ee1c",
                        "attributes": {
                            "id": "rtbassoc-05f50cbc244e1ee1c",
                            "route_table_id": "rtb-092b773d26f9dca66",
                            "subnet_id": "subnet-09f4a10bdca209235"
                        },
                        "meta": {},
                        "tainted": false
                    },
                    "deposed": [],
                    "provider": "provider.aws"
                },
                "aws_route_table_association.public.1": {
                    "type": "aws_route_table_association",
                    "depends_on": [
                        "aws_route_table.rt_public",
                        "aws_subnet.public_subnet.*"
                    ],
                    "primary": {
                        "id": "rtbassoc-0612d5681a0ddc004",
                        "attributes": {
                            "id": "rtbassoc-0612d5681a0ddc004",
                            "route_table_id": "rtb-092b773d26f9dca66",
                            "subnet_id": "subnet-0e8f5c0f4d276a166"
                        },
                        "meta": {},
                        "tainted": false
                    },
                    "deposed": [],
                    "provider": "provider.aws"
                },
                "aws_route_table_association.public.2": {
                    "type": "aws_route_table_association",
                    "depends_on": [
                        "aws_route_table.rt_public",
                        "aws_subnet.public_subnet.*"
                    ],
                    "primary": {
                        "id": "rtbassoc-01960db0a212c008a",
                        "attributes": {
                            "id": "rtbassoc-01960db0a212c008a",
                            "route_table_id": "rtb-092b773d26f9dca66",
                            "subnet_id": "subnet-05493a533b24f8770"
                        },
                        "meta": {},
                        "tainted": false
                    },
                    "deposed": [],
                    "provider": "provider.aws"
                },
                "aws_route_table_association.worker.0": {
                    "type": "aws_route_table_association",
                    "depends_on": [
                        "aws_route_table.rt_private",
                        "aws_subnet.worker_subnet.*"
                    ],
                    "primary": {
                        "id": "rtbassoc-09430e1e774d55652",
                        "attributes": {
                            "id": "rtbassoc-09430e1e774d55652",
                            "route_table_id": "rtb-033a0fc940651ff71",
                            "subnet_id": "subnet-0efcf321033c0c7d9"
                        },
                        "meta": {},
                        "tainted": false
                    },
                    "deposed": [],
                    "provider": "provider.aws"
                },
                "aws_route_table_association.worker.1": {
                    "type": "aws_route_table_association",
                    "depends_on": [
                        "aws_route_table.rt_private",
                        "aws_subnet.worker_subnet.*"
                    ],
                    "primary": {
                        "id": "rtbassoc-0cd25747979cf24b6",
                        "attributes": {
                            "id": "rtbassoc-0cd25747979cf24b6",
                            "route_table_id": "rtb-033a0fc940651ff71",
                            "subnet_id": "subnet-0303ad5916836279f"
                        },
                        "meta": {},
                        "tainted": false
                    },
                    "deposed": [],
                    "provider": "provider.aws"
                },
                "aws_route_table_association.worker.2": {
                    "type": "aws_route_table_association",
                    "depends_on": [
                        "aws_route_table.rt_private",
                        "aws_subnet.worker_subnet.*"
                    ],
                    "primary": {
                        "id": "rtbassoc-083bc762ece9b9b42",
                        "attributes": {
                            "id": "rtbassoc-083bc762ece9b9b42",
                            "route_table_id": "rtb-033a0fc940651ff71",
                            "subnet_id": "subnet-061c48859570364e0"
                        },
                        "meta": {},
                        "tainted": false
                    },
                    "deposed": [],
                    "provider": "provider.aws"
                },
                "aws_subnet.master_subnet.0": {
                    "type": "aws_subnet",
                    "depends_on": [
                        "aws_vpc.this",
                        "data.aws_availability_zones.available"
                    ],
                    "primary": {
                        "id": "subnet-0132c0d530185e3c2",
                        "attributes": {
                            "arn": "arn:aws:ec2:eu-central-1:845863403425:subnet/subnet-0132c0d530185e3c2",
                            "assign_ipv6_address_on_creation": "false",
                            "availability_zone": "eu-central-1a",
                            "availability_zone_id": "euc1-az2",
                            "cidr_block": "10.0.48.0/20",
                            "id": "subnet-0132c0d530185e3c2",
                            "ipv6_cidr_block": "",
                            "ipv6_cidr_block_association_id": "",
                            "map_public_ip_on_launch": "false",
                            "owner_id": "845863403425",
                            "tags.%": "1",
                            "tags.Name": "Master_eu-central-1a",
                            "vpc_id": "vpc-0984929333e0804a2"
                        },
                        "meta": {
                            "e2bfb730-ecaa-11e6-8f88-34363bc7c4c0": {
                                "create": 600000000000,
                                "delete": 1200000000000
                            },
                            "schema_version": "1"
                        },
                        "tainted": false
                    },
                    "deposed": [],
                    "provider": "provider.aws"
                },
                "aws_subnet.master_subnet.1": {
                    "type": "aws_subnet",
                    "depends_on": [
                        "aws_vpc.this",
                        "data.aws_availability_zones.available"
                    ],
                    "primary": {
                        "id": "subnet-0813d53eda83d3ca8",
                        "attributes": {
                            "arn": "arn:aws:ec2:eu-central-1:845863403425:subnet/subnet-0813d53eda83d3ca8",
                            "assign_ipv6_address_on_creation": "false",
                            "availability_zone": "eu-central-1b",
                            "availability_zone_id": "euc1-az3",
                            "cidr_block": "10.0.64.0/20",
                            "id": "subnet-0813d53eda83d3ca8",
                            "ipv6_cidr_block": "",
                            "ipv6_cidr_block_association_id": "",
                            "map_public_ip_on_launch": "false",
                            "owner_id": "845863403425",
                            "tags.%": "1",
                            "tags.Name": "Master_eu-central-1b",
                            "vpc_id": "vpc-0984929333e0804a2"
                        },
                        "meta": {
                            "e2bfb730-ecaa-11e6-8f88-34363bc7c4c0": {
                                "create": 600000000000,
                                "delete": 1200000000000
                            },
                            "schema_version": "1"
                        },
                        "tainted": false
                    },
                    "deposed": [],
                    "provider": "provider.aws"
                },
                "aws_subnet.master_subnet.2": {
                    "type": "aws_subnet",
                    "depends_on": [
                        "aws_vpc.this",
                        "data.aws_availability_zones.available"
                    ],
                    "primary": {
                        "id": "subnet-05ffd281e6abb46f3",
                        "attributes": {
                            "arn": "arn:aws:ec2:eu-central-1:845863403425:subnet/subnet-05ffd281e6abb46f3",
                            "assign_ipv6_address_on_creation": "false",
                            "availability_zone": "eu-central-1c",
                            "availability_zone_id": "euc1-az1",
                            "cidr_block": "10.0.80.0/20",
                            "id": "subnet-05ffd281e6abb46f3",
                            "ipv6_cidr_block": "",
                            "ipv6_cidr_block_association_id": "",
                            "map_public_ip_on_launch": "false",
                            "owner_id": "845863403425",
                            "tags.%": "1",
                            "tags.Name": "Master_eu-central-1c",
                            "vpc_id": "vpc-0984929333e0804a2"
                        },
                        "meta": {
                            "e2bfb730-ecaa-11e6-8f88-34363bc7c4c0": {
                                "create": 600000000000,
                                "delete": 1200000000000
                            },
                            "schema_version": "1"
                        },
                        "tainted": false
                    },
                    "deposed": [],
                    "provider": "provider.aws"
                },
                "aws_subnet.private_subnet.0": {
                    "type": "aws_subnet",
                    "depends_on": [
                        "aws_vpc.this",
                        "data.aws_availability_zones.available"
                    ],
                    "primary": {
                        "id": "subnet-00127474694da4223",
                        "attributes": {
                            "arn": "arn:aws:ec2:eu-central-1:845863403425:subnet/subnet-00127474694da4223",
                            "assign_ipv6_address_on_creation": "false",
                            "availability_zone": "eu-central-1a",
                            "availability_zone_id": "euc1-az2",
                            "cidr_block": "10.0.228.0/22",
                            "id": "subnet-00127474694da4223",
                            "ipv6_cidr_block": "",
                            "ipv6_cidr_block_association_id": "",
                            "map_public_ip_on_launch": "false",
                            "owner_id": "845863403425",
                            "tags.%": "3",
                            "tags.Name": "Private_subnet_eu-central-1a",
                            "tags.kubernetes.io/cluster/digital-lab-test-cluster": "owned",
                            "tags.kubernetes.io/role/internal-elb": "1",
                            "vpc_id": "vpc-0984929333e0804a2"
                        },
                        "meta": {
                            "e2bfb730-ecaa-11e6-8f88-34363bc7c4c0": {
                                "create": 600000000000,
                                "delete": 1200000000000
                            },
                            "schema_version": "1"
                        },
                        "tainted": false
                    },
                    "deposed": [],
                    "provider": "provider.aws"
                },
                "aws_subnet.private_subnet.1": {
                    "type": "aws_subnet",
                    "depends_on": [
                        "aws_vpc.this",
                        "data.aws_availability_zones.available"
                    ],
                    "primary": {
                        "id": "subnet-0cb3df241bfc9e81c",
                        "attributes": {
                            "arn": "arn:aws:ec2:eu-central-1:845863403425:subnet/subnet-0cb3df241bfc9e81c",
                            "assign_ipv6_address_on_creation": "false",
                            "availability_zone": "eu-central-1b",
                            "availability_zone_id": "euc1-az3",
                            "cidr_block": "10.0.232.0/22",
                            "id": "subnet-0cb3df241bfc9e81c",
                            "ipv6_cidr_block": "",
                            "ipv6_cidr_block_association_id": "",
                            "map_public_ip_on_launch": "false",
                            "owner_id": "845863403425",
                            "tags.%": "3",
                            "tags.Name": "Private_subnet_eu-central-1b",
                            "tags.kubernetes.io/cluster/digital-lab-test-cluster": "owned",
                            "tags.kubernetes.io/role/internal-elb": "1",
                            "vpc_id": "vpc-0984929333e0804a2"
                        },
                        "meta": {
                            "e2bfb730-ecaa-11e6-8f88-34363bc7c4c0": {
                                "create": 600000000000,
                                "delete": 1200000000000
                            },
                            "schema_version": "1"
                        },
                        "tainted": false
                    },
                    "deposed": [],
                    "provider": "provider.aws"
                },
                "aws_subnet.private_subnet.2": {
                    "type": "aws_subnet",
                    "depends_on": [
                        "aws_vpc.this",
                        "data.aws_availability_zones.available"
                    ],
                    "primary": {
                        "id": "subnet-00d8c4be3cbb93390",
                        "attributes": {
                            "arn": "arn:aws:ec2:eu-central-1:845863403425:subnet/subnet-00d8c4be3cbb93390",
                            "assign_ipv6_address_on_creation": "false",
                            "availability_zone": "eu-central-1c",
                            "availability_zone_id": "euc1-az1",
                            "cidr_block": "10.0.236.0/22",
                            "id": "subnet-00d8c4be3cbb93390",
                            "ipv6_cidr_block": "",
                            "ipv6_cidr_block_association_id": "",
                            "map_public_ip_on_launch": "false",
                            "owner_id": "845863403425",
                            "tags.%": "3",
                            "tags.Name": "Private_subnet_eu-central-1c",
                            "tags.kubernetes.io/cluster/digital-lab-test-cluster": "owned",
                            "tags.kubernetes.io/role/internal-elb": "1",
                            "vpc_id": "vpc-0984929333e0804a2"
                        },
                        "meta": {
                            "e2bfb730-ecaa-11e6-8f88-34363bc7c4c0": {
                                "create": 600000000000,
                                "delete": 1200000000000
                            },
                            "schema_version": "1"
                        },
                        "tainted": false
                    },
                    "deposed": [],
                    "provider": "provider.aws"
                },
                "aws_subnet.public_subnet.0": {
                    "type": "aws_subnet",
                    "depends_on": [
                        "aws_vpc.this",
                        "data.aws_availability_zones.available"
                    ],
                    "primary": {
                        "id": "subnet-09f4a10bdca209235",
                        "attributes": {
                            "arn": "arn:aws:ec2:eu-central-1:845863403425:subnet/subnet-09f4a10bdca209235",
                            "assign_ipv6_address_on_creation": "false",
                            "availability_zone": "eu-central-1a",
                            "availability_zone_id": "euc1-az2",
                            "cidr_block": "10.0.204.0/22",
                            "id": "subnet-09f4a10bdca209235",
                            "ipv6_cidr_block": "",
                            "ipv6_cidr_block_association_id": "",
                            "map_public_ip_on_launch": "false",
                            "owner_id": "845863403425",
                            "tags.%": "3",
                            "tags.Name": "Public_subnet_eu-central-1a",
                            "tags.kubernetes.io/cluster/digital-lab-test-cluster": "owned",
                            "tags.kubernetes.io/role/elb": "1",
                            "vpc_id": "vpc-0984929333e0804a2"
                        },
                        "meta": {
                            "e2bfb730-ecaa-11e6-8f88-34363bc7c4c0": {
                                "create": 600000000000,
                                "delete": 1200000000000
                            },
                            "schema_version": "1"
                        },
                        "tainted": false
                    },
                    "deposed": [],
                    "provider": "provider.aws"
                },
                "aws_subnet.public_subnet.1": {
                    "type": "aws_subnet",
                    "depends_on": [
                        "aws_vpc.this",
                        "data.aws_availability_zones.available"
                    ],
                    "primary": {
                        "id": "subnet-0e8f5c0f4d276a166",
                        "attributes": {
                            "arn": "arn:aws:ec2:eu-central-1:845863403425:subnet/subnet-0e8f5c0f4d276a166",
                            "assign_ipv6_address_on_creation": "false",
                            "availability_zone": "eu-central-1b",
                            "availability_zone_id": "euc1-az3",
                            "cidr_block": "10.0.208.0/22",
                            "id": "subnet-0e8f5c0f4d276a166",
                            "ipv6_cidr_block": "",
                            "ipv6_cidr_block_association_id": "",
                            "map_public_ip_on_launch": "false",
                            "owner_id": "845863403425",
                            "tags.%": "3",
                            "tags.Name": "Public_subnet_eu-central-1b",
                            "tags.kubernetes.io/cluster/digital-lab-test-cluster": "owned",
                            "tags.kubernetes.io/role/elb": "1",
                            "vpc_id": "vpc-0984929333e0804a2"
                        },
                        "meta": {
                            "e2bfb730-ecaa-11e6-8f88-34363bc7c4c0": {
                                "create": 600000000000,
                                "delete": 1200000000000
                            },
                            "schema_version": "1"
                        },
                        "tainted": false
                    },
                    "deposed": [],
                    "provider": "provider.aws"
                },
                "aws_subnet.public_subnet.2": {
                    "type": "aws_subnet",
                    "depends_on": [
                        "aws_vpc.this",
                        "data.aws_availability_zones.available"
                    ],
                    "primary": {
                        "id": "subnet-05493a533b24f8770",
                        "attributes": {
                            "arn": "arn:aws:ec2:eu-central-1:845863403425:subnet/subnet-05493a533b24f8770",
                            "assign_ipv6_address_on_creation": "false",
                            "availability_zone": "eu-central-1c",
                            "availability_zone_id": "euc1-az1",
                            "cidr_block": "10.0.212.0/22",
                            "id": "subnet-05493a533b24f8770",
                            "ipv6_cidr_block": "",
                            "ipv6_cidr_block_association_id": "",
                            "map_public_ip_on_launch": "false",
                            "owner_id": "845863403425",
                            "tags.%": "3",
                            "tags.Name": "Public_subnet_eu-central-1c",
                            "tags.kubernetes.io/cluster/digital-lab-test-cluster": "owned",
                            "tags.kubernetes.io/role/elb": "1",
                            "vpc_id": "vpc-0984929333e0804a2"
                        },
                        "meta": {
                            "e2bfb730-ecaa-11e6-8f88-34363bc7c4c0": {
                                "create": 600000000000,
                                "delete": 1200000000000
                            },
                            "schema_version": "1"
                        },
                        "tainted": false
                    },
                    "deposed": [],
                    "provider": "provider.aws"
                },
                "aws_subnet.worker_subnet.0": {
                    "type": "aws_subnet",
                    "depends_on": [
                        "aws_vpc.this",
                        "data.aws_availability_zones.available"
                    ],
                    "primary": {
                        "id": "subnet-0efcf321033c0c7d9",
                        "attributes": {
                            "arn": "arn:aws:ec2:eu-central-1:845863403425:subnet/subnet-0efcf321033c0c7d9",
                            "assign_ipv6_address_on_creation": "false",
                            "availability_zone": "eu-central-1a",
                            "availability_zone_id": "euc1-az2",
                            "cidr_block": "10.0.144.0/20",
                            "id": "subnet-0efcf321033c0c7d9",
                            "ipv6_cidr_block": "",
                            "ipv6_cidr_block_association_id": "",
                            "map_public_ip_on_launch": "false",
                            "owner_id": "845863403425",
                            "tags.%": "1",
                            "tags.Name": "Worker_eu-central-1a",
                            "vpc_id": "vpc-0984929333e0804a2"
                        },
                        "meta": {
                            "e2bfb730-ecaa-11e6-8f88-34363bc7c4c0": {
                                "create": 600000000000,
                                "delete": 1200000000000
                            },
                            "schema_version": "1"
                        },
                        "tainted": false
                    },
                    "deposed": [],
                    "provider": "provider.aws"
                },
                "aws_subnet.worker_subnet.1": {
                    "type": "aws_subnet",
                    "depends_on": [
                        "aws_vpc.this",
                        "data.aws_availability_zones.available"
                    ],
                    "primary": {
                        "id": "subnet-0303ad5916836279f",
                        "attributes": {
                            "arn": "arn:aws:ec2:eu-central-1:845863403425:subnet/subnet-0303ad5916836279f",
                            "assign_ipv6_address_on_creation": "false",
                            "availability_zone": "eu-central-1b",
                            "availability_zone_id": "euc1-az3",
                            "cidr_block": "10.0.160.0/20",
                            "id": "subnet-0303ad5916836279f",
                            "ipv6_cidr_block": "",
                            "ipv6_cidr_block_association_id": "",
                            "map_public_ip_on_launch": "false",
                            "owner_id": "845863403425",
                            "tags.%": "1",
                            "tags.Name": "Worker_eu-central-1b",
                            "vpc_id": "vpc-0984929333e0804a2"
                        },
                        "meta": {
                            "e2bfb730-ecaa-11e6-8f88-34363bc7c4c0": {
                                "create": 600000000000,
                                "delete": 1200000000000
                            },
                            "schema_version": "1"
                        },
                        "tainted": false
                    },
                    "deposed": [],
                    "provider": "provider.aws"
                },
                "aws_subnet.worker_subnet.2": {
                    "type": "aws_subnet",
                    "depends_on": [
                        "aws_vpc.this",
                        "data.aws_availability_zones.available"
                    ],
                    "primary": {
                        "id": "subnet-061c48859570364e0",
                        "attributes": {
                            "arn": "arn:aws:ec2:eu-central-1:845863403425:subnet/subnet-061c48859570364e0",
                            "assign_ipv6_address_on_creation": "false",
                            "availability_zone": "eu-central-1c",
                            "availability_zone_id": "euc1-az1",
                            "cidr_block": "10.0.176.0/20",
                            "id": "subnet-061c48859570364e0",
                            "ipv6_cidr_block": "",
                            "ipv6_cidr_block_association_id": "",
                            "map_public_ip_on_launch": "false",
                            "owner_id": "845863403425",
                            "tags.%": "1",
                            "tags.Name": "Worker_eu-central-1c",
                            "vpc_id": "vpc-0984929333e0804a2"
                        },
                        "meta": {
                            "e2bfb730-ecaa-11e6-8f88-34363bc7c4c0": {
                                "create": 600000000000,
                                "delete": 1200000000000
                            },
                            "schema_version": "1"
                        },
                        "tainted": false
                    },
                    "deposed": [],
                    "provider": "provider.aws"
                },
                "aws_vpc.this": {
                    "type": "aws_vpc",
                    "depends_on": [],
                    "primary": {
                        "id": "vpc-0984929333e0804a2",
                        "attributes": {
                            "arn": "arn:aws:ec2:eu-central-1:845863403425:vpc/vpc-0984929333e0804a2",
                            "assign_generated_ipv6_cidr_block": "false",
                            "cidr_block": "10.0.0.0/16",
                            "default_network_acl_id": "acl-0edbb6df7d5c5f14d",
                            "default_route_table_id": "rtb-0bcfa39a14dcdd1ba",
                            "default_security_group_id": "sg-0114ef4257d7c6ac3",
                            "dhcp_options_id": "dopt-a060a3cb",
                            "enable_dns_hostnames": "true",
                            "enable_dns_support": "true",
                            "id": "vpc-0984929333e0804a2",
                            "instance_tenancy": "default",
                            "ipv6_association_id": "",
                            "ipv6_cidr_block": "",
                            "main_route_table_id": "rtb-0bcfa39a14dcdd1ba",
                            "owner_id": "845863403425",
                            "tags.%": "1",
                            "tags.Name": "vpc1"
                        },
                        "meta": {
                            "schema_version": "1"
                        },
                        "tainted": false
                    },
                    "deposed": [],
                    "provider": "provider.aws"
                },
                "data.aws_availability_zones.available": {
                    "type": "aws_availability_zones",
                    "depends_on": [],
                    "primary": {
                        "id": "2019-11-19 21:31:52.174367251 +0000 UTC",
                        "attributes": {
                            "id": "2019-11-19 21:31:52.174367251 +0000 UTC",
                            "names.#": "3",
                            "names.0": "eu-central-1a",
                            "names.1": "eu-central-1b",
                            "names.2": "eu-central-1c",
                            "zone_ids.#": "3",
                            "zone_ids.0": "euc1-az2",
                            "zone_ids.1": "euc1-az3",
                            "zone_ids.2": "euc1-az1"
                        },
                        "meta": {},
                        "tainted": false
                    },
                    "deposed": [],
                    "provider": "provider.aws"
                }
            },
            "depends_on": []
        }
    ]
}
