{
    "version": 3,
    "terraform_version": "0.11.11",
    "serial": 9,
    "lineage": "003889be-31ba-4f8f-ad60-8b7f45f94a71",
    "modules": [
        {
            "path": [
                "root"
            ],
            "outputs": {
                "config_map_aws_auth": {
                    "sensitive": false,
                    "type": "string",
                    "value": "\n\napiVersion: v1\nkind: ConfigMap\nmetadata:\n  name: aws-auth\n  namespace: kube-system\ndata:\n  mapRoles: |\n    - rolearn: arn:aws:iam::845863403425:role/worker-nodes-role1\n      username: system:node:{{EC2PrivateDNSName}}\n      groups:\n        - system:bootstrappers\n        - system:nodes\n"
                }
            },
            "resources": {},
            "depends_on": []
        },
        {
            "path": [
                "root",
                "eks"
            ],
            "outputs": {
                "config_map_aws_auth": {
                    "sensitive": false,
                    "type": "string",
                    "value": "\n\napiVersion: v1\nkind: ConfigMap\nmetadata:\n  name: aws-auth\n  namespace: kube-system\ndata:\n  mapRoles: |\n    - rolearn: arn:aws:iam::845863403425:role/worker-nodes-role1\n      username: system:node:{{EC2PrivateDNSName}}\n      groups:\n        - system:bootstrappers\n        - system:nodes\n"
                }
            },
            "resources": {
                "aws_eks_cluster.eks-cluster": {
                    "type": "aws_eks_cluster",
                    "depends_on": [
                        "aws_iam_role.cluster-role",
                        "aws_iam_role_policy_attachment.eks-cluster-AmazonEKSClusterPolicy",
                        "aws_iam_role_policy_attachment.eks-cluster-AmazonEKSServicePolicy",
                        "aws_security_group.cluster-sg"
                    ],
                    "primary": {
                        "id": "",
                        "attributes": {},
                        "meta": {},
                        "tainted": false
                    },
                    "deposed": [
                        {
                            "id": "1",
                            "attributes": {
                                "arn": "arn:aws:eks:ap-south-1:845863403425:cluster/1",
                                "certificate_authority.#": "1",
                                "certificate_authority.0.data": "LS0tLS1CRUdJTiBDRVJUSUZJQ0FURS0tLS0tCk1JSUN5RENDQWJDZ0F3SUJBZ0lCQURBTkJna3Foa2lHOXcwQkFRc0ZBREFWTVJNd0VRWURWUVFERXdwcmRXSmwKY201bGRHVnpNQjRYRFRFNU1URXhPVEU1TlRNd05sb1hEVEk1TVRFeE5qRTVOVE13Tmxvd0ZURVRNQkVHQTFVRQpBeE1LYTNWaVpYSnVaWFJsY3pDQ0FTSXdEUVlKS29aSWh2Y05BUUVCQlFBRGdnRVBBRENDQVFvQ2dnRUJBTUhWClZ2T2pPVVpvNURMQmR3cFBQa3RyOWpuNGJhbzEvRUwwS0J4aDVEd3o3K2JYYmlFd1NDSzlYZ053RVo4cy83dkEKYW9qbHBUTjlBMjBIMmpFU0xVRkRReW80eUlhakF5R1ZaMVVseUpiZHdTc21DdWNTZmh6alRkSDViT29WZjQ1cQo5UHRyejdSNDZHVEE4bnRmTUJlVVg1UDlNRHpXWWpxRVlYb0R6RHI5Q1NtRnhMKzNIT1hHcjFvU09XZlVaVm83CmNoZUFCZFpSdCtIWWFoYnM3QURvS0Y1b295NWhSOGw5VWtlTFY4K2ZjWVNFazh2QUtqZzBXNTZrMnhyTk5hSXEKaXpvUEw0aUgwOCtyZDJqTmkrSDB2NTdZUXJEeGJqYkdIRk9zNVZhU0NyZzJLYW9oOTNOdldXcmczeVFhbm5GdQpna2FQYW1wOFV1U29wWC9wc004Q0F3RUFBYU1qTUNFd0RnWURWUjBQQVFIL0JBUURBZ0trTUE4R0ExVWRFd0VCCi93UUZNQU1CQWY4d0RRWUpLb1pJaHZjTkFRRUxCUUFEZ2dFQkFMNDY2a0FMSU5LQUlTc1FsZEZVNHd5VklMazAKYlRtMkc5dEFycFVydVpSUEJjelJRVHV2U2NKTEZuN05iWjNJcURESzhUVU0vV0R6VjZDQVRlNktlTmtmblBkLwpkLzdZdUdkVDJoSGlpeFZmQnlCUnk0NW9vdUp0YTdqVU45bEp2anZiVzA4UXF4WWF4SEVkZVU5VytwNFEyMnJMCktLWmdKZ3U4MFA4dFluQ0RieGVJKzJuSzl5Q3Z0WE8wQjNmMDBuYWp0YmJFRjY4UGxnMllGRTJEWkVST2tHOEcKcXF4TnpPVzhGRURpQXJCNHplQ3JnUzUxMDJ4N1ZBalBHWm5WV25SaG1iNGkyWkloZ2dUd1NlQUN6MkkwUkFDMwp5YkVoVE5WNTUwOHNCeitPUHdnNG9VMWJnTG54dTh3OSt1Ri9PZCtXWk1rYnMzOTBrWVVBS3ZETmlSUT0KLS0tLS1FTkQgQ0VSVElGSUNBVEUtLS0tLQo=",
                                "created_at": "2019-11-19 19:46:10 +0000 UTC",
                                "enabled_cluster_log_types.#": "0",
                                "endpoint": "https://00DDB68E86B88A0F67DD4DABCC944E14.yl4.ap-south-1.eks.amazonaws.com",
                                "id": "1",
                                "identity.#": "1",
                                "identity.0.oidc.#": "1",
                                "identity.0.oidc.0.issuer": "https://oidc.eks.ap-south-1.amazonaws.com/id/00DDB68E86B88A0F67DD4DABCC944E14",
                                "name": "1",
                                "platform_version": "eks.3",
                                "role_arn": "arn:aws:iam::845863403425:role/cluster-iam-role1",
                                "status": "ACTIVE",
                                "tags.%": "0",
                                "version": "1.14",
                                "vpc_config.#": "1",
                                "vpc_config.0.endpoint_private_access": "false",
                                "vpc_config.0.endpoint_public_access": "true",
                                "vpc_config.0.security_group_ids.#": "1",
                                "vpc_config.0.security_group_ids.3037416519": "sg-0a186078cff91e16a",
                                "vpc_config.0.subnet_ids.#": "6",
                                "vpc_config.0.subnet_ids.107766508": "subnet-07da9f0ae8b520d26",
                                "vpc_config.0.subnet_ids.1811960319": "subnet-0e6f00774f0040e46",
                                "vpc_config.0.subnet_ids.2385588755": "subnet-03ebb524d8317fa45",
                                "vpc_config.0.subnet_ids.3258412532": "subnet-01e0396e28fb81a9c",
                                "vpc_config.0.subnet_ids.3669435880": "subnet-0193ecd9ab0a79a64",
                                "vpc_config.0.subnet_ids.369151762": "subnet-0edab713917d915b0",
                                "vpc_config.0.vpc_id": "vpc-0192b4ea210d72900"
                            },
                            "meta": {
                                "e2bfb730-ecaa-11e6-8f88-34363bc7c4c0": {
                                    "create": 1800000000000,
                                    "delete": 900000000000,
                                    "update": 3600000000000
                                }
                            },
                            "tainted": false
                        },
                        {
                            "id": "2",
                            "attributes": {
                                "arn": "arn:aws:eks:eu-central-1:845863403425:cluster/2",
                                "certificate_authority.#": "1",
                                "certificate_authority.0.data": "LS0tLS1CRUdJTiBDRVJUSUZJQ0FURS0tLS0tCk1JSUN5RENDQWJDZ0F3SUJBZ0lCQURBTkJna3Foa2lHOXcwQkFRc0ZBREFWTVJNd0VRWURWUVFERXdwcmRXSmwKY201bGRHVnpNQjRYRFRFNU1URXhPVEl3TXpReU5Wb1hEVEk1TVRFeE5qSXdNelF5TlZvd0ZURVRNQkVHQTFVRQpBeE1LYTNWaVpYSnVaWFJsY3pDQ0FTSXdEUVlKS29aSWh2Y05BUUVCQlFBRGdnRVBBRENDQVFvQ2dnRUJBTXdWCityN3l6Szd4RGFodmJSQmdDaW0va0p0eVE3aVVrUmk4YWl3V1MxNFZPY1J1dzcyS0RDTHkxa3BiZWJ5ZDB4cUcKL29qRTllN01CWjRhR1VKR2dIVUNmYm4wQUh5UEhSYkd2a1A1MS83OVNZUXJSMWZGbVI5WE5LN0NnM3g1Zk9zMQpSWmZtQzFkWU81SVdkMm9PNjV6OXRzWW1lbUdWOFEwSTY2WjRWNjErMXAxMG5Kcm1SQjI1TWNna2w3alFCd2svCkpKcXhua09EOENiNE1ueVdkOGtaSXREOWttK3BnTDE3UUpUYk1wcGlDeFdtZWxyOTU2VktZRVA0N1gvTWJ2SEcKMzh6NlFGWkpFeTZwc3Mya3M4eUF0MWpIUURDUll3MkJWb29OZHNFSm1KT3dIV1MvbEdEZ2JpdmtRN2xCUUdWTgoxaWEwaEpDVUIvUUpabHg1S0wwQ0F3RUFBYU1qTUNFd0RnWURWUjBQQVFIL0JBUURBZ0trTUE4R0ExVWRFd0VCCi93UUZNQU1CQWY4d0RRWUpLb1pJaHZjTkFRRUxCUUFEZ2dFQkFFYmNXdmlDeFdKRmE4N0lyczdBVlg4eFNzZGYKQUw4bFN5LzBYRHIxWXpjSHJ0TE1hNXNoeUp5OWZDSzVJWTYxWkJGTjI4RTV5WWtBNXpUMHQxUXdUbTh0S1NYRgpaeEtveDZ5eTVVTkw1R1hvWXppc2JGOThLSXNGN3M1TUxnaXJiRXdXNDh4VUFncnFiSzE1RFU0NUM2RGpTNWdDCkJQemczZkMwVDh2NkZnU1h4dm5nMXhYVHFXVTJEUGR1SUp3dmNKSzEya3QyRVJMSXBTUEF3K3BnblhLZGxBL0oKVlVaT0tzS2k5RGhmMGpKTGRCNjJkQkIrWGFaelRNVEQ0RWhudEdORk84TkpPRFN2akVXelFqMlNsejNaT2RobwplSDdXZ0ZRaFRVTWRMV00vWmI2ZVNWSVpLZFBBOUVTNkNFcnVOaEhNYTZzSEFoNUh4NktmMjU4c2JoND0KLS0tLS1FTkQgQ0VSVElGSUNBVEUtLS0tLQo=",
                                "created_at": "2019-11-19 20:27:36 +0000 UTC",
                                "enabled_cluster_log_types.#": "0",
                                "endpoint": "https://2B3776035A61B697B1E4AEDAE263D735.yl4.eu-central-1.eks.amazonaws.com",
                                "id": "2",
                                "identity.#": "1",
                                "identity.0.oidc.#": "1",
                                "identity.0.oidc.0.issuer": "https://oidc.eks.eu-central-1.amazonaws.com/id/2B3776035A61B697B1E4AEDAE263D735",
                                "name": "2",
                                "platform_version": "eks.3",
                                "role_arn": "arn:aws:iam::845863403425:role/cluster-iam-role1",
                                "status": "ACTIVE",
                                "tags.%": "0",
                                "version": "1.14",
                                "vpc_config.#": "1",
                                "vpc_config.0.endpoint_private_access": "false",
                                "vpc_config.0.endpoint_public_access": "true",
                                "vpc_config.0.security_group_ids.#": "1",
                                "vpc_config.0.security_group_ids.1826487729": "sg-080c2926c77453f11",
                                "vpc_config.0.subnet_ids.#": "6",
                                "vpc_config.0.subnet_ids.1179985015": "subnet-0efcf321033c0c7d9",
                                "vpc_config.0.subnet_ids.2814859944": "subnet-0132c0d530185e3c2",
                                "vpc_config.0.subnet_ids.3163585294": "subnet-061c48859570364e0",
                                "vpc_config.0.subnet_ids.3346433494": "subnet-05ffd281e6abb46f3",
                                "vpc_config.0.subnet_ids.3520791072": "subnet-0813d53eda83d3ca8",
                                "vpc_config.0.subnet_ids.818912233": "subnet-0303ad5916836279f",
                                "vpc_config.0.vpc_id": "vpc-0984929333e0804a2"
                            },
                            "meta": {
                                "e2bfb730-ecaa-11e6-8f88-34363bc7c4c0": {
                                    "create": 1800000000000,
                                    "delete": 900000000000,
                                    "update": 3600000000000
                                }
                            },
                            "tainted": false
                        },
                        {
                            "id": "digital-lab-test-cluster",
                            "attributes": {
                                "arn": "arn:aws:eks:eu-central-1:845863403425:cluster/digital-lab-test-cluster",
                                "certificate_authority.#": "1",
                                "certificate_authority.0.data": "LS0tLS1CRUdJTiBDRVJUSUZJQ0FURS0tLS0tCk1JSUN5RENDQWJDZ0F3SUJBZ0lCQURBTkJna3Foa2lHOXcwQkFRc0ZBREFWTVJNd0VRWURWUVFERXdwcmRXSmwKY201bGRHVnpNQjRYRFRFNU1URXhPVEl4TURNek1Wb1hEVEk1TVRFeE5qSXhNRE16TVZvd0ZURVRNQkVHQTFVRQpBeE1LYTNWaVpYSnVaWFJsY3pDQ0FTSXdEUVlKS29aSWh2Y05BUUVCQlFBRGdnRVBBRENDQVFvQ2dnRUJBTUlFClcrZ3kyOXNaSis5WTNPTkdXdjZXSndzSnJZNTlTcHZYV2NNbzYvcjRhTk43YnAyUzBKdUkwbU5QZ3RVelhBb1IKTnJnOXJjSWNRZm92cGZqeFpaNldYemFmK1N1VHcwMG1KU1ErNjI1NzNneVAyWlBBekc0eTJrYW9WWEgwdERNQgpVeXVhRWpjNDJDeCtjR2FyalltdzRiYmVBM3RWR2V5VEtCckFnWUp2RFdLNHpEc2VaMFVmRFdNLzJEWGdROG9LCndYZzAwcTdLYTZodytIaTRRQlh1OHNlUVJRQXVwTkc5RTUvczFNbFdOeUZmU1JCSTJhTjdIOGRBMXUySit1OUYKNEZISGZYVHIrcUM4bmRBYWZlZzVMYXJadS9NNlZab3VaVFU0L1BlMFBQcGQrVy9WVStnc002elF5SGtrZ2p4eApDeTdUVG5hcjVLbG00a2RhWFVFQ0F3RUFBYU1qTUNFd0RnWURWUjBQQVFIL0JBUURBZ0trTUE4R0ExVWRFd0VCCi93UUZNQU1CQWY4d0RRWUpLb1pJaHZjTkFRRUxCUUFEZ2dFQkFKanJqbVh2elBaNmlRVGduZXhFTThQZzFncFIKTnRUYmYrOTZIVFoyRUhJN2JRWUdvL1AzV3M3Y25OQzZOS3ljOGNkTCsrK1lvN1UvNFo3ZzU3L3ZPcEMyYTJ6SApjWklsMUFOcjdaZHY1TTEzK2pMQVFnOTl2N2YyMmM5VmhjS0ZoaG55V05XSXBvVGNvQm5jTk00eUJLNys1eVFCCmtKYXJFakFyMkJSMFd3U3dudGRqREIrQ0ZNQ1ZHMEt1YXNvNFBzU004MjB4SHRIR0Ixay9tWVliK1krZkFudlAKV21HbEtVbng4dEFHaytyYWpUbU9XM0Y1OXJ3dGk5cXU5NWZ3VDR5UW9ObmsvNWJxeXIxN1ptOE5ZYnNGMEd4VAo1bnJNdytlTmNUeWZCSVduTFBoV0RoUXl4T3c4emJNby9RQ1o3a01yMlZZcVZPRE5FeWtkNXVlcWpLZz0KLS0tLS1FTkQgQ0VSVElGSUNBVEUtLS0tLQo=",
                                "created_at": "2019-11-19 20:56:38 +0000 UTC",
                                "enabled_cluster_log_types.#": "0",
                                "endpoint": "https://1BAD61941BFCF0EF383C892070E52468.sk1.eu-central-1.eks.amazonaws.com",
                                "id": "digital-lab-test-cluster",
                                "identity.#": "1",
                                "identity.0.oidc.#": "1",
                                "identity.0.oidc.0.issuer": "https://oidc.eks.eu-central-1.amazonaws.com/id/1BAD61941BFCF0EF383C892070E52468",
                                "name": "digital-lab-test-cluster",
                                "platform_version": "eks.3",
                                "role_arn": "arn:aws:iam::845863403425:role/cluster-iam-role1",
                                "status": "ACTIVE",
                                "tags.%": "0",
                                "version": "1.14",
                                "vpc_config.#": "1",
                                "vpc_config.0.endpoint_private_access": "false",
                                "vpc_config.0.endpoint_public_access": "true",
                                "vpc_config.0.security_group_ids.#": "1",
                                "vpc_config.0.security_group_ids.1826487729": "sg-080c2926c77453f11",
                                "vpc_config.0.subnet_ids.#": "6",
                                "vpc_config.0.subnet_ids.1179985015": "subnet-0efcf321033c0c7d9",
                                "vpc_config.0.subnet_ids.2814859944": "subnet-0132c0d530185e3c2",
                                "vpc_config.0.subnet_ids.3163585294": "subnet-061c48859570364e0",
                                "vpc_config.0.subnet_ids.3346433494": "subnet-05ffd281e6abb46f3",
                                "vpc_config.0.subnet_ids.3520791072": "subnet-0813d53eda83d3ca8",
                                "vpc_config.0.subnet_ids.818912233": "subnet-0303ad5916836279f",
                                "vpc_config.0.vpc_id": "vpc-0984929333e0804a2"
                            },
                            "meta": {
                                "e2bfb730-ecaa-11e6-8f88-34363bc7c4c0": {
                                    "create": 1800000000000,
                                    "delete": 900000000000,
                                    "update": 3600000000000
                                }
                            },
                            "tainted": false
                        }
                    ],
                    "provider": "provider.aws"
                },
                "aws_iam_instance_profile.worker-node": {
                    "type": "aws_iam_instance_profile",
                    "depends_on": [
                        "aws_iam_role.worker-node-role"
                    ],
                    "primary": {
                        "id": "eks-worker-node1",
                        "attributes": {
                            "arn": "arn:aws:iam::845863403425:instance-profile/eks-worker-node1",
                            "create_date": "2019-11-19T20:03:31Z",
                            "id": "eks-worker-node1",
                            "name": "eks-worker-node1",
                            "path": "/",
                            "role": "worker-nodes-role1",
                            "roles.#": "1",
                            "roles.1606945740": "worker-nodes-role1",
                            "unique_id": "AIPA4J4LDH6QYQVXA5M3A"
                        },
                        "meta": {},
                        "tainted": false
                    },
                    "deposed": [],
                    "provider": "provider.aws"
                },
                "aws_iam_policy.eks-tagging": {
                    "type": "aws_iam_policy",
                    "depends_on": [],
                    "primary": {
                        "id": "arn:aws:iam::845863403425:policy/production_resource_tagging_for_eks1",
                        "attributes": {
                            "arn": "arn:aws:iam::845863403425:policy/production_resource_tagging_for_eks1",
                            "description": "resource_tagging_for_eks",
                            "id": "arn:aws:iam::845863403425:policy/production_resource_tagging_for_eks1",
                            "name": "production_resource_tagging_for_eks1",
                            "path": "/",
                            "policy": "{\n    \"Version\": \"2012-10-17\",\n    \"Statement\": [\n        {\n            \"Sid\": \"VisualEditor0\",\n            \"Effect\": \"Allow\",\n            \"Action\": [\n                \"tag:GetResources\",\n                \"tag:UntagResources\",\n                \"tag:GetTagValues\",\n                \"tag:GetTagKeys\",\n                \"tag:TagResources\"\n            ],\n            \"Resource\": \"*\"\n        }\n    ]\n}\n"
                        },
                        "meta": {},
                        "tainted": false
                    },
                    "deposed": [],
                    "provider": "provider.aws"
                },
                "aws_iam_role.cluster-role": {
                    "type": "aws_iam_role",
                    "depends_on": [],
                    "primary": {
                        "id": "cluster-iam-role1",
                        "attributes": {
                            "arn": "arn:aws:iam::845863403425:role/cluster-iam-role1",
                            "assume_role_policy": "{\"Version\":\"2012-10-17\",\"Statement\":[{\"Effect\":\"Allow\",\"Principal\":{\"Service\":\"eks.amazonaws.com\"},\"Action\":\"sts:AssumeRole\"}]}",
                            "create_date": "2019-11-19T19:45:57Z",
                            "description": "",
                            "force_detach_policies": "false",
                            "id": "cluster-iam-role1",
                            "max_session_duration": "3600",
                            "name": "cluster-iam-role1",
                            "path": "/",
                            "tags.%": "0",
                            "unique_id": "AROA4J4LDH6Q7KL75IF7I"
                        },
                        "meta": {},
                        "tainted": false
                    },
                    "deposed": [],
                    "provider": "provider.aws"
                },
                "aws_iam_role.worker-node-role": {
                    "type": "aws_iam_role",
                    "depends_on": [],
                    "primary": {
                        "id": "worker-nodes-role1",
                        "attributes": {
                            "arn": "arn:aws:iam::845863403425:role/worker-nodes-role1",
                            "assume_role_policy": "{\"Version\":\"2012-10-17\",\"Statement\":[{\"Effect\":\"Allow\",\"Principal\":{\"Service\":\"ec2.amazonaws.com\"},\"Action\":\"sts:AssumeRole\"}]}",
                            "create_date": "2019-11-19T19:45:57Z",
                            "description": "",
                            "force_detach_policies": "false",
                            "id": "worker-nodes-role1",
                            "max_session_duration": "3600",
                            "name": "worker-nodes-role1",
                            "path": "/",
                            "tags.%": "0",
                            "unique_id": "AROA4J4LDH6Q72262BNJI"
                        },
                        "meta": {},
                        "tainted": false
                    },
                    "deposed": [],
                    "provider": "provider.aws"
                },
                "aws_iam_role_policy_attachment.eks-cluster-AmazonEKSClusterPolicy": {
                    "type": "aws_iam_role_policy_attachment",
                    "depends_on": [
                        "aws_iam_role.cluster-role"
                    ],
                    "primary": {
                        "id": "cluster-iam-role1-20191119194559550000000006",
                        "attributes": {
                            "id": "cluster-iam-role1-20191119194559550000000006",
                            "policy_arn": "arn:aws:iam::aws:policy/AmazonEKSClusterPolicy",
                            "role": "cluster-iam-role1"
                        },
                        "meta": {},
                        "tainted": false
                    },
                    "deposed": [],
                    "provider": "provider.aws"
                },
                "aws_iam_role_policy_attachment.eks-cluster-AmazonEKSServicePolicy": {
                    "type": "aws_iam_role_policy_attachment",
                    "depends_on": [
                        "aws_iam_role.cluster-role"
                    ],
                    "primary": {
                        "id": "cluster-iam-role1-20191119194559548900000003",
                        "attributes": {
                            "id": "cluster-iam-role1-20191119194559548900000003",
                            "policy_arn": "arn:aws:iam::aws:policy/AmazonEKSServicePolicy",
                            "role": "cluster-iam-role1"
                        },
                        "meta": {},
                        "tainted": false
                    },
                    "deposed": [],
                    "provider": "provider.aws"
                },
                "aws_iam_role_policy_attachment.worker-node-AmazonEC2ContainerRegistryReadOnly": {
                    "type": "aws_iam_role_policy_attachment",
                    "depends_on": [
                        "aws_iam_role.worker-node-role"
                    ],
                    "primary": {
                        "id": "worker-nodes-role1-20191119194559546000000001",
                        "attributes": {
                            "id": "worker-nodes-role1-20191119194559546000000001",
                            "policy_arn": "arn:aws:iam::aws:policy/AmazonEC2ContainerRegistryReadOnly",
                            "role": "worker-nodes-role1"
                        },
                        "meta": {},
                        "tainted": false
                    },
                    "deposed": [],
                    "provider": "provider.aws"
                },
                "aws_iam_role_policy_attachment.worker-node-AmazonEC2FullAccess": {
                    "type": "aws_iam_role_policy_attachment",
                    "depends_on": [
                        "aws_iam_role.worker-node-role"
                    ],
                    "primary": {
                        "id": "worker-nodes-role1-20191119194559550000000005",
                        "attributes": {
                            "id": "worker-nodes-role1-20191119194559550000000005",
                            "policy_arn": "arn:aws:iam::aws:policy/AmazonEC2FullAccess",
                            "role": "worker-nodes-role1"
                        },
                        "meta": {},
                        "tainted": false
                    },
                    "deposed": [],
                    "provider": "provider.aws"
                },
                "aws_iam_role_policy_attachment.worker-node-AmazonEKSWorkerNodePolicy": {
                    "type": "aws_iam_role_policy_attachment",
                    "depends_on": [
                        "aws_iam_role.worker-node-role"
                    ],
                    "primary": {
                        "id": "worker-nodes-role1-20191119194559548900000004",
                        "attributes": {
                            "id": "worker-nodes-role1-20191119194559548900000004",
                            "policy_arn": "arn:aws:iam::aws:policy/AmazonEKSWorkerNodePolicy",
                            "role": "worker-nodes-role1"
                        },
                        "meta": {},
                        "tainted": false
                    },
                    "deposed": [],
                    "provider": "provider.aws"
                },
                "aws_iam_role_policy_attachment.worker-node-AmazonEKS_CNI_Policy": {
                    "type": "aws_iam_role_policy_attachment",
                    "depends_on": [
                        "aws_iam_role.worker-node-role"
                    ],
                    "primary": {
                        "id": "worker-nodes-role1-20191119194559548900000002",
                        "attributes": {
                            "id": "worker-nodes-role1-20191119194559548900000002",
                            "policy_arn": "arn:aws:iam::aws:policy/AmazonEKS_CNI_Policy",
                            "role": "worker-nodes-role1"
                        },
                        "meta": {},
                        "tainted": false
                    },
                    "deposed": [],
                    "provider": "provider.aws"
                },
                "aws_iam_role_policy_attachment.worker-node-resource_tagging_for_eks": {
                    "type": "aws_iam_role_policy_attachment",
                    "depends_on": [
                        "aws_iam_policy.eks-tagging",
                        "aws_iam_role.worker-node-role"
                    ],
                    "primary": {
                        "id": "worker-nodes-role1-20191119194600338200000007",
                        "attributes": {
                            "id": "worker-nodes-role1-20191119194600338200000007",
                            "policy_arn": "arn:aws:iam::845863403425:policy/production_resource_tagging_for_eks1",
                            "role": "worker-nodes-role1"
                        },
                        "meta": {},
                        "tainted": false
                    },
                    "deposed": [],
                    "provider": "provider.aws"
                },
                "aws_launch_configuration.worker": {
                    "type": "aws_launch_configuration",
                    "depends_on": [],
                    "primary": {
                        "id": "",
                        "attributes": {},
                        "meta": {},
                        "tainted": false
                    },
                    "deposed": [
                        {
                            "id": "worker-node20191119200334408700000001",
                            "attributes": {
                                "associate_public_ip_address": "false",
                                "ebs_block_device.#": "0",
                                "ebs_optimized": "false",
                                "enable_monitoring": "true",
                                "ephemeral_block_device.#": "0",
                                "iam_instance_profile": "eks-worker-node1",
                                "id": "worker-node20191119200334408700000001",
                                "image_id": "ami-07fd6cdebfd02ef6e",
                                "instance_type": "t2.micro",
                                "key_name": "",
                                "name": "worker-node20191119200334408700000001",
                                "name_prefix": "worker-node",
                                "root_block_device.#": "0",
                                "security_groups.#": "1",
                                "security_groups.3419089952": "sg-06befe418e2bd2084",
                                "spot_price": "",
                                "user_data_base64": "IyEvYmluL2Jhc2gKc2V0IC1vIHh0cmFjZQovZXRjL2Vrcy9ib290c3RyYXAuc2ggLS1hcGlzZXJ2ZXItZW5kcG9pbnQgJ2h0dHBzOi8vMDBEREI2OEU4NkI4OEEwRjY3REQ0REFCQ0M5NDRFMTQueWw0LmFwLXNvdXRoLTEuZWtzLmFtYXpvbmF3cy5jb20nIC0tYjY0LWNsdXN0ZXItY2EgJ0xTMHRMUzFDUlVkSlRpQkRSVkpVU1VaSlEwRlVSUzB0TFMwdENrMUpTVU41UkVORFFXSkRaMEYzU1VKQlowbENRVVJCVGtKbmEzRm9hMmxIT1hjd1FrRlJjMFpCUkVGV1RWSk5kMFZSV1VSV1VWRkVSWGR3Y21SWFNtd0tZMjAxYkdSSFZucE5RalJZUkZSRk5VMVVSWGhQVkVVMVRsUk5kMDVzYjFoRVZFazFUVlJGZUU1cVJUVk9WRTEzVG14dmQwWlVSVlJOUWtWSFFURlZSUXBCZUUxTFlUTldhVnBZU25WYVdGSnNZM3BEUTBGVFNYZEVVVmxLUzI5YVNXaDJZMDVCVVVWQ1FsRkJSR2RuUlZCQlJFTkRRVkZ2UTJkblJVSkJUVWhXQ2xaMlQycFBWVnB2TlVSTVFtUjNjRkJRYTNSeU9XcHVOR0poYnpFdlJVd3dTMEo0YURWRWQzbzNLMkpZWW1sRmQxTkRTemxZWjA1M1JWbzRjeTgzZGtFS1lXOXFiSEJVVGpsQk1qQklNbXBGVTB4VlJrUlJlVzgwZVVsaGFrRjVSMVphTVZWc2VVcGlaSGRUYzIxRGRXTlRabWg2YWxSa1NEVmlUMjlXWmpRMWNRbzVVSFJ5ZWpkU05EWkhWRUU0Ym5SbVRVSmxWVmcxVURsTlJIcFhXV3B4UlZsWWIwUjZSSEk1UTFOdFJuaE1Lek5JVDFoSGNqRnZVMDlYWmxWYVZtODNDbU5vWlVGQ1pGcFNkQ3RJV1dGb1luTTNRVVJ2UzBZMWIyOTVOV2hTT0d3NVZXdGxURlk0SzJaaldWTkZhemgyUVV0cVp6QlhOVFpyTW5oeVRrNWhTWEVLYVhwdlVFdzBhVWd3T0N0eVpESnFUbWtyU0RCMk5UZFpVWEpFZUdKcVlrZElSazl6TlZaaFUwTnlaekpMWVc5b09UTk9kbGRYY21jemVWRmhibTVHZFFwbmEyRlFZVzF3T0ZWMVUyOXdXQzl3YzAwNFEwRjNSVUZCWVUxcVRVTkZkMFJuV1VSV1VqQlFRVkZJTDBKQlVVUkJaMHRyVFVFNFIwRXhWV1JGZDBWQ0NpOTNVVVpOUVUxQ1FXWTRkMFJSV1VwTGIxcEphSFpqVGtGUlJVeENVVUZFWjJkRlFrRk1ORFkyYTBGTVNVNUxRVWxUYzFGc1pFWlZOSGQ1VmtsTWF6QUtZbFJ0TWtjNWRFRnljRlZ5ZFZwU1VFSmplbEpSVkhWMlUyTktURVp1TjA1aVdqTkpjVVJFU3poVVZVMHZWMFI2VmpaRFFWUmxOa3RsVG10bWJsQmtMd3BrTHpkWmRVZGtWREpvU0dscGVGWm1RbmxDVW5rME5XOXZkVXAwWVRkcVZVNDViRXAyYW5aaVZ6QTRVWEY0V1dGNFNFVmtaVlU1Vnl0d05GRXlNbkpNQ2t0TFdtZEtaM1U0TUZBNGRGbHVRMFJpZUdWSkt6SnVTemw1UTNaMFdFOHdRak5tTURCdVlXcDBZbUpGUmpZNFVHeG5NbGxHUlRKRVdrVlNUMnRIT0VjS2NYRjRUbnBQVnpoR1JVUnBRWEpDTkhwbFEzSm5VelV4TURKNE4xWkJhbEJIV201V1YyNVNhRzFpTkdreVdrbG9aMmRVZDFObFFVTjZNa2t3VWtGRE13cDVZa1ZvVkU1V05UVXdPSE5DZWl0UFVIZG5ORzlWTVdKblRHNTRkVGgzT1N0MVJpOVBaQ3RYV2sxclluTXpPVEJyV1ZWQlMzWkVUbWxTVVQwS0xTMHRMUzFGVGtRZ1EwVlNWRWxHU1VOQlZFVXRMUzB0TFFvPScgJzEnCg==",
                                "vpc_classic_link_id": "",
                                "vpc_classic_link_security_groups.#": "0"
                            },
                            "meta": {},
                            "tainted": false
                        }
                    ],
                    "provider": "provider.aws"
                },
                "aws_security_group.cluster-sg": {
                    "type": "aws_security_group",
                    "depends_on": [],
                    "primary": {
                        "id": "sg-0f595c8ad734ff06a",
                        "attributes": {
                            "arn": "arn:aws:ec2:eu-north-1:845863403425:security-group/sg-0f595c8ad734ff06a",
                            "description": "Cluster communication with worker nodes",
                            "egress.#": "1",
                            "egress.482069346.cidr_blocks.#": "1",
                            "egress.482069346.cidr_blocks.0": "0.0.0.0/0",
                            "egress.482069346.description": "",
                            "egress.482069346.from_port": "0",
                            "egress.482069346.ipv6_cidr_blocks.#": "0",
                            "egress.482069346.prefix_list_ids.#": "0",
                            "egress.482069346.protocol": "-1",
                            "egress.482069346.security_groups.#": "0",
                            "egress.482069346.self": "false",
                            "egress.482069346.to_port": "0",
                            "id": "sg-0f595c8ad734ff06a",
                            "ingress.#": "0",
                            "name": "clusterSG",
                            "owner_id": "845863403425",
                            "revoke_rules_on_delete": "false",
                            "tags.%": "1",
                            "tags.Name": "cluster",
                            "vpc_id": "vpc-087ffe3d33d0c799c"
                        },
                        "meta": {
                            "e2bfb730-ecaa-11e6-8f88-34363bc7c4c0": {
                                "create": 600000000000,
                                "delete": 600000000000
                            },
                            "schema_version": "1"
                        },
                        "tainted": false
                    },
                    "deposed": [],
                    "provider": "provider.aws"
                },
                "aws_security_group.eks_alb_sg": {
                    "type": "aws_security_group",
                    "depends_on": [],
                    "primary": {
                        "id": "sg-073a87a22c941cee0",
                        "attributes": {
                            "arn": "arn:aws:ec2:eu-north-1:845863403425:security-group/sg-073a87a22c941cee0",
                            "description": "Allow worker nodes pods to communicate with outsiders",
                            "egress.#": "1",
                            "egress.482069346.cidr_blocks.#": "1",
                            "egress.482069346.cidr_blocks.0": "0.0.0.0/0",
                            "egress.482069346.description": "",
                            "egress.482069346.from_port": "0",
                            "egress.482069346.ipv6_cidr_blocks.#": "0",
                            "egress.482069346.prefix_list_ids.#": "0",
                            "egress.482069346.protocol": "-1",
                            "egress.482069346.security_groups.#": "0",
                            "egress.482069346.self": "false",
                            "egress.482069346.to_port": "0",
                            "id": "sg-073a87a22c941cee0",
                            "ingress.#": "0",
                            "name": "eks-alb-loadbalancer-sg",
                            "owner_id": "845863403425",
                            "revoke_rules_on_delete": "false",
                            "tags.%": "1",
                            "tags.Name": "eks-alb-sg",
                            "vpc_id": "vpc-087ffe3d33d0c799c"
                        },
                        "meta": {
                            "e2bfb730-ecaa-11e6-8f88-34363bc7c4c0": {
                                "create": 600000000000,
                                "delete": 600000000000
                            },
                            "schema_version": "1"
                        },
                        "tainted": false
                    },
                    "deposed": [],
                    "provider": "provider.aws"
                },
                "aws_security_group.worker-node-sg": {
                    "type": "aws_security_group",
                    "depends_on": [],
                    "primary": {
                        "id": "sg-04a51cdd76fa3558a",
                        "attributes": {
                            "arn": "arn:aws:ec2:eu-north-1:845863403425:security-group/sg-04a51cdd76fa3558a",
                            "description": "Security group for all nodes in the cluster",
                            "egress.#": "1",
                            "egress.482069346.cidr_blocks.#": "1",
                            "egress.482069346.cidr_blocks.0": "0.0.0.0/0",
                            "egress.482069346.description": "",
                            "egress.482069346.from_port": "0",
                            "egress.482069346.ipv6_cidr_blocks.#": "0",
                            "egress.482069346.prefix_list_ids.#": "0",
                            "egress.482069346.protocol": "-1",
                            "egress.482069346.security_groups.#": "0",
                            "egress.482069346.self": "false",
                            "egress.482069346.to_port": "0",
                            "id": "sg-04a51cdd76fa3558a",
                            "ingress.#": "0",
                            "name": "worker-nodeSG",
                            "owner_id": "845863403425",
                            "revoke_rules_on_delete": "false",
                            "tags.%": "2",
                            "tags.Name": "worker-node-sg",
                            "tags.kubernetes.io/cluster/": "digital-lab1",
                            "vpc_id": "vpc-087ffe3d33d0c799c"
                        },
                        "meta": {
                            "e2bfb730-ecaa-11e6-8f88-34363bc7c4c0": {
                                "create": 600000000000,
                                "delete": 600000000000
                            },
                            "schema_version": "1"
                        },
                        "tainted": false
                    },
                    "deposed": [],
                    "provider": "provider.aws"
                },
                "aws_security_group_rule.allow_http": {
                    "type": "aws_security_group_rule",
                    "depends_on": [
                        "aws_security_group.eks_alb_sg",
                        "aws_security_group.worker-node-sg"
                    ],
                    "primary": {
                        "id": "sgrule-1741742993",
                        "attributes": {
                            "from_port": "80",
                            "id": "sgrule-1741742993",
                            "protocol": "tcp",
                            "security_group_id": "sg-073a87a22c941cee0",
                            "self": "false",
                            "source_security_group_id": "sg-04a51cdd76fa3558a",
                            "to_port": "80",
                            "type": "ingress"
                        },
                        "meta": {
                            "schema_version": "2"
                        },
                        "tainted": false
                    },
                    "deposed": [],
                    "provider": "provider.aws"
                },
                "aws_security_group_rule.allow_https": {
                    "type": "aws_security_group_rule",
                    "depends_on": [
                        "aws_security_group.eks_alb_sg",
                        "aws_security_group.worker-node-sg"
                    ],
                    "primary": {
                        "id": "sgrule-3054079378",
                        "attributes": {
                            "from_port": "443",
                            "id": "sgrule-3054079378",
                            "protocol": "tcp",
                            "security_group_id": "sg-073a87a22c941cee0",
                            "self": "false",
                            "source_security_group_id": "sg-04a51cdd76fa3558a",
                            "to_port": "443",
                            "type": "ingress"
                        },
                        "meta": {
                            "schema_version": "2"
                        },
                        "tainted": false
                    },
                    "deposed": [],
                    "provider": "provider.aws"
                },
                "aws_security_group_rule.allow_worker_node": {
                    "type": "aws_security_group_rule",
                    "depends_on": [
                        "aws_security_group.eks_alb_sg",
                        "aws_security_group.worker-node-sg"
                    ],
                    "primary": {
                        "id": "sgrule-3459397589",
                        "attributes": {
                            "from_port": "0",
                            "id": "sgrule-3459397589",
                            "protocol": "tcp",
                            "security_group_id": "sg-073a87a22c941cee0",
                            "self": "false",
                            "source_security_group_id": "sg-04a51cdd76fa3558a",
                            "to_port": "65535",
                            "type": "ingress"
                        },
                        "meta": {
                            "schema_version": "2"
                        },
                        "tainted": false
                    },
                    "deposed": [],
                    "provider": "provider.aws"
                },
                "aws_security_group_rule.cluster-ingress-node-https": {
                    "type": "aws_security_group_rule",
                    "depends_on": [
                        "aws_security_group.cluster-sg",
                        "aws_security_group.worker-node-sg"
                    ],
                    "primary": {
                        "id": "sgrule-3043247314",
                        "attributes": {
                            "description": "Allow pods to communicate with the cluster API Server",
                            "from_port": "443",
                            "id": "sgrule-3043247314",
                            "protocol": "tcp",
                            "security_group_id": "sg-0f595c8ad734ff06a",
                            "self": "false",
                            "source_security_group_id": "sg-04a51cdd76fa3558a",
                            "to_port": "443",
                            "type": "ingress"
                        },
                        "meta": {
                            "schema_version": "2"
                        },
                        "tainted": false
                    },
                    "deposed": [],
                    "provider": "provider.aws"
                },
                "aws_security_group_rule.cluster-ingress-workstation-https": {
                    "type": "aws_security_group_rule",
                    "depends_on": [
                        "aws_security_group.cluster-sg"
                    ],
                    "primary": {
                        "id": "sgrule-548690243",
                        "attributes": {
                            "cidr_blocks.#": "1",
                            "cidr_blocks.0": "0.0.0.0/0",
                            "description": "Allow workstation to communicate with the cluster API Server",
                            "from_port": "443",
                            "id": "sgrule-548690243",
                            "protocol": "tcp",
                            "security_group_id": "sg-0f595c8ad734ff06a",
                            "self": "false",
                            "to_port": "443",
                            "type": "ingress"
                        },
                        "meta": {
                            "schema_version": "2"
                        },
                        "tainted": false
                    },
                    "deposed": [],
                    "provider": "provider.aws"
                },
                "aws_security_group_rule.worker-node-for-alb": {
                    "type": "aws_security_group_rule",
                    "depends_on": [
                        "aws_security_group.eks_alb_sg",
                        "aws_security_group.worker-node-sg"
                    ],
                    "primary": {
                        "id": "sgrule-839879724",
                        "attributes": {
                            "description": "Allow worker Kubelets and pods to receive communication from alb",
                            "from_port": "0",
                            "id": "sgrule-839879724",
                            "protocol": "tcp",
                            "security_group_id": "sg-04a51cdd76fa3558a",
                            "self": "false",
                            "source_security_group_id": "sg-073a87a22c941cee0",
                            "to_port": "65535",
                            "type": "ingress"
                        },
                        "meta": {
                            "schema_version": "2"
                        },
                        "tainted": false
                    },
                    "deposed": [],
                    "provider": "provider.aws"
                },
                "aws_security_group_rule.worker-node-for-control-server": {
                    "type": "aws_security_group_rule",
                    "depends_on": [
                        "aws_security_group.worker-node-sg"
                    ],
                    "primary": {
                        "id": "sgrule-3210426386",
                        "attributes": {
                            "description": "Allow worker Kubelets and pods to receive communication from the control server",
                            "from_port": "0",
                            "id": "sgrule-3210426386",
                            "protocol": "tcp",
                            "security_group_id": "sg-04a51cdd76fa3558a",
                            "self": "false",
                            "source_security_group_id": "sg-0018b7a16228da3a6",
                            "to_port": "65535",
                            "type": "ingress"
                        },
                        "meta": {
                            "schema_version": "2"
                        },
                        "tainted": false
                    },
                    "deposed": [],
                    "provider": "provider.aws"
                },
                "aws_security_group_rule.worker-node-ingress-cluster": {
                    "type": "aws_security_group_rule",
                    "depends_on": [
                        "aws_security_group.cluster-sg",
                        "aws_security_group.worker-node-sg"
                    ],
                    "primary": {
                        "id": "sgrule-678065532",
                        "attributes": {
                            "description": "Allow worker Kubelets and pods to receive communication from the cluster control plane",
                            "from_port": "1025",
                            "id": "sgrule-678065532",
                            "protocol": "tcp",
                            "security_group_id": "sg-04a51cdd76fa3558a",
                            "self": "false",
                            "source_security_group_id": "sg-0f595c8ad734ff06a",
                            "to_port": "65535",
                            "type": "ingress"
                        },
                        "meta": {
                            "schema_version": "2"
                        },
                        "tainted": false
                    },
                    "deposed": [],
                    "provider": "provider.aws"
                },
                "aws_security_group_rule.worker-node-ingress-self": {
                    "type": "aws_security_group_rule",
                    "depends_on": [
                        "aws_security_group.worker-node-sg"
                    ],
                    "primary": {
                        "id": "sgrule-2362068972",
                        "attributes": {
                            "description": "Allow node to communicate with each other",
                            "from_port": "0",
                            "id": "sgrule-2362068972",
                            "protocol": "-1",
                            "security_group_id": "sg-04a51cdd76fa3558a",
                            "self": "false",
                            "source_security_group_id": "sg-04a51cdd76fa3558a",
                            "to_port": "65535",
                            "type": "ingress"
                        },
                        "meta": {
                            "schema_version": "2"
                        },
                        "tainted": false
                    },
                    "deposed": [],
                    "provider": "provider.aws"
                },
                "data.http.workstation-external-ip": {
                    "type": "http",
                    "depends_on": [],
                    "primary": {
                        "id": "2019-11-19 22:11:00.212207324 +0000 UTC",
                        "attributes": {
                            "body": "92.46.39.42\n",
                            "id": "2019-11-19 22:11:00.212207324 +0000 UTC",
                            "url": "http://ipv4.icanhazip.com"
                        },
                        "meta": {},
                        "tainted": false
                    },
                    "deposed": [],
                    "provider": "provider.http"
                }
            },
            "depends_on": []
        },
        {
            "path": [
                "root",
                "kubernetes-server"
            ],
            "outputs": {
                "kubernetes-server-instance-sg": {
                    "sensitive": false,
                    "type": "string",
                    "value": "sg-0018b7a16228da3a6"
                }
            },
            "resources": {
                "aws_security_group.kubernetes-server-instance-sg": {
                    "type": "aws_security_group",
                    "depends_on": [],
                    "primary": {
                        "id": "sg-0018b7a16228da3a6",
                        "attributes": {
                            "arn": "arn:aws:ec2:eu-north-1:845863403425:security-group/sg-0018b7a16228da3a6",
                            "description": "kubectl_instance_sg",
                            "egress.#": "1",
                            "egress.482069346.cidr_blocks.#": "1",
                            "egress.482069346.cidr_blocks.0": "0.0.0.0/0",
                            "egress.482069346.description": "",
                            "egress.482069346.from_port": "0",
                            "egress.482069346.ipv6_cidr_blocks.#": "0",
                            "egress.482069346.prefix_list_ids.#": "0",
                            "egress.482069346.protocol": "-1",
                            "egress.482069346.security_groups.#": "0",
                            "egress.482069346.self": "false",
                            "egress.482069346.to_port": "0",
                            "id": "sg-0018b7a16228da3a6",
                            "ingress.#": "1",
                            "ingress.2541437006.cidr_blocks.#": "1",
                            "ingress.2541437006.cidr_blocks.0": "0.0.0.0/0",
                            "ingress.2541437006.description": "",
                            "ingress.2541437006.from_port": "22",
                            "ingress.2541437006.ipv6_cidr_blocks.#": "0",
                            "ingress.2541437006.prefix_list_ids.#": "0",
                            "ingress.2541437006.protocol": "tcp",
                            "ingress.2541437006.security_groups.#": "0",
                            "ingress.2541437006.self": "false",
                            "ingress.2541437006.to_port": "22",
                            "name": "kubernetes-server-instance-sg",
                            "owner_id": "845863403425",
                            "revoke_rules_on_delete": "false",
                            "tags.%": "1",
                            "tags.Name": "kubectl_server-SG",
                            "vpc_id": "vpc-087ffe3d33d0c799c"
                        },
                        "meta": {
                            "e2bfb730-ecaa-11e6-8f88-34363bc7c4c0": {
                                "create": 600000000000,
                                "delete": 600000000000
                            },
                            "schema_version": "1"
                        },
                        "tainted": false
                    },
                    "deposed": [],
                    "provider": "provider.aws"
                }
            },
            "depends_on": []
        },
        {
            "path": [
                "root",
                "vpc"
            ],
            "outputs": {
                "master_subnet": {
                    "sensitive": false,
                    "type": "list",
                    "value": [
                        "subnet-0457d0bbf00ec65c8",
                        "subnet-0ee691f2cf327ebb2",
                        "subnet-0816e9f842d773296"
                    ]
                },
                "vpc_cidr_block": {
                    "sensitive": false,
                    "type": "string",
                    "value": "10.0.0.0/16"
                },
                "vpc_id": {
                    "sensitive": false,
                    "type": "string",
                    "value": "vpc-087ffe3d33d0c799c"
                },
                "worker_node_subnet": {
                    "sensitive": false,
                    "type": "list",
                    "value": [
                        "subnet-0239598ddeedd10bb",
                        "subnet-006ead2c5a48c7fc4",
                        "subnet-0e8792ada76a1b77b"
                    ]
                }
            },
            "resources": {
                "aws_eip.eip": {
                    "type": "aws_eip",
                    "depends_on": [],
                    "primary": {
                        "id": "eipalloc-0cfc555318409945a",
                        "attributes": {
                            "association_id": "",
                            "domain": "vpc",
                            "id": "eipalloc-0cfc555318409945a",
                            "instance": "",
                            "network_interface": "",
                            "private_ip": "",
                            "public_dns": "ec2-13-48-171-48.eu-north-1.compute.amazonaws.com",
                            "public_ip": "13.48.171.48",
                            "public_ipv4_pool": "amazon",
                            "tags.%": "1",
                            "tags.Name": "Elastic IP",
                            "vpc": "true"
                        },
                        "meta": {
                            "e2bfb730-ecaa-11e6-8f88-34363bc7c4c0": {
                                "delete": 180000000000,
                                "read": 900000000000,
                                "update": 300000000000
                            }
                        },
                        "tainted": false
                    },
                    "deposed": [],
                    "provider": "provider.aws"
                },
                "aws_internet_gateway.igw": {
                    "type": "aws_internet_gateway",
                    "depends_on": [
                        "aws_vpc.this"
                    ],
                    "primary": {
                        "id": "igw-03279f046a62e07d6",
                        "attributes": {
                            "id": "igw-03279f046a62e07d6",
                            "owner_id": "845863403425",
                            "tags.%": "1",
                            "tags.Name": "Internet-Gateway",
                            "vpc_id": "vpc-087ffe3d33d0c799c"
                        },
                        "meta": {},
                        "tainted": false
                    },
                    "deposed": [],
                    "provider": "provider.aws"
                },
                "aws_nat_gateway.nat-gw": {
                    "type": "aws_nat_gateway",
                    "depends_on": [
                        "aws_eip.eip",
                        "aws_subnet.master_subnet.*"
                    ],
                    "primary": {
                        "id": "nat-0303d004c93270817",
                        "attributes": {
                            "allocation_id": "eipalloc-0cfc555318409945a",
                            "id": "nat-0303d004c93270817",
                            "network_interface_id": "eni-09078293a19507fb1",
                            "private_ip": "10.0.51.166",
                            "public_ip": "13.48.171.48",
                            "subnet_id": "subnet-0457d0bbf00ec65c8",
                            "tags.%": "1",
                            "tags.Name": "Nat_gateway"
                        },
                        "meta": {},
                        "tainted": false
                    },
                    "deposed": [],
                    "provider": "provider.aws"
                },
                "aws_route_table.rt_private": {
                    "type": "aws_route_table",
                    "depends_on": [
                        "aws_nat_gateway.nat-gw",
                        "aws_vpc.this"
                    ],
                    "primary": {
                        "id": "rtb-06c093f401cfeb9a8",
                        "attributes": {
                            "id": "rtb-06c093f401cfeb9a8",
                            "owner_id": "845863403425",
                            "propagating_vgws.#": "0",
                            "route.#": "1",
                            "route.4127067682.cidr_block": "0.0.0.0/0",
                            "route.4127067682.egress_only_gateway_id": "",
                            "route.4127067682.gateway_id": "",
                            "route.4127067682.instance_id": "",
                            "route.4127067682.ipv6_cidr_block": "",
                            "route.4127067682.nat_gateway_id": "nat-0303d004c93270817",
                            "route.4127067682.network_interface_id": "",
                            "route.4127067682.transit_gateway_id": "",
                            "route.4127067682.vpc_peering_connection_id": "",
                            "tags.%": "1",
                            "tags.Name": "Private_route_table",
                            "vpc_id": "vpc-087ffe3d33d0c799c"
                        },
                        "meta": {},
                        "tainted": false
                    },
                    "deposed": [],
                    "provider": "provider.aws"
                },
                "aws_route_table.rt_public": {
                    "type": "aws_route_table",
                    "depends_on": [
                        "aws_internet_gateway.igw",
                        "aws_vpc.this"
                    ],
                    "primary": {
                        "id": "rtb-0f476da015e9988d6",
                        "attributes": {
                            "id": "rtb-0f476da015e9988d6",
                            "owner_id": "845863403425",
                            "propagating_vgws.#": "0",
                            "route.#": "1",
                            "route.308783597.cidr_block": "0.0.0.0/0",
                            "route.308783597.egress_only_gateway_id": "",
                            "route.308783597.gateway_id": "igw-03279f046a62e07d6",
                            "route.308783597.instance_id": "",
                            "route.308783597.ipv6_cidr_block": "",
                            "route.308783597.nat_gateway_id": "",
                            "route.308783597.network_interface_id": "",
                            "route.308783597.transit_gateway_id": "",
                            "route.308783597.vpc_peering_connection_id": "",
                            "tags.%": "1",
                            "tags.Name": "Public_route_table",
                            "vpc_id": "vpc-087ffe3d33d0c799c"
                        },
                        "meta": {},
                        "tainted": false
                    },
                    "deposed": [],
                    "provider": "provider.aws"
                },
                "aws_route_table_association.master.0": {
                    "type": "aws_route_table_association",
                    "depends_on": [
                        "aws_route_table.rt_public",
                        "aws_subnet.master_subnet.*"
                    ],
                    "primary": {
                        "id": "rtbassoc-0be0d1cac51fd76c4",
                        "attributes": {
                            "id": "rtbassoc-0be0d1cac51fd76c4",
                            "route_table_id": "rtb-0f476da015e9988d6",
                            "subnet_id": "subnet-0457d0bbf00ec65c8"
                        },
                        "meta": {},
                        "tainted": false
                    },
                    "deposed": [],
                    "provider": "provider.aws"
                },
                "aws_route_table_association.master.1": {
                    "type": "aws_route_table_association",
                    "depends_on": [
                        "aws_route_table.rt_public",
                        "aws_subnet.master_subnet.*"
                    ],
                    "primary": {
                        "id": "rtbassoc-0762111d003e559e4",
                        "attributes": {
                            "id": "rtbassoc-0762111d003e559e4",
                            "route_table_id": "rtb-0f476da015e9988d6",
                            "subnet_id": "subnet-0ee691f2cf327ebb2"
                        },
                        "meta": {},
                        "tainted": false
                    },
                    "deposed": [],
                    "provider": "provider.aws"
                },
                "aws_route_table_association.master.2": {
                    "type": "aws_route_table_association",
                    "depends_on": [
                        "aws_route_table.rt_public",
                        "aws_subnet.master_subnet.*"
                    ],
                    "primary": {
                        "id": "rtbassoc-035e0417ca881cc25",
                        "attributes": {
                            "id": "rtbassoc-035e0417ca881cc25",
                            "route_table_id": "rtb-0f476da015e9988d6",
                            "subnet_id": "subnet-0816e9f842d773296"
                        },
                        "meta": {},
                        "tainted": false
                    },
                    "deposed": [],
                    "provider": "provider.aws"
                },
                "aws_route_table_association.private_sub.0": {
                    "type": "aws_route_table_association",
                    "depends_on": [
                        "aws_route_table.rt_private",
                        "aws_subnet.private_subnet.*"
                    ],
                    "primary": {
                        "id": "rtbassoc-081be9c5e1338c8e6",
                        "attributes": {
                            "id": "rtbassoc-081be9c5e1338c8e6",
                            "route_table_id": "rtb-033a0fc940651ff71",
                            "subnet_id": "subnet-00127474694da4223"
                        },
                        "meta": {},
                        "tainted": false
                    },
                    "deposed": [],
                    "provider": "provider.aws"
                },
                "aws_route_table_association.private_sub.1": {
                    "type": "aws_route_table_association",
                    "depends_on": [
                        "aws_route_table.rt_private",
                        "aws_subnet.private_subnet.*"
                    ],
                    "primary": {
                        "id": "rtbassoc-0f455fffd27ebf55c",
                        "attributes": {
                            "id": "rtbassoc-0f455fffd27ebf55c",
                            "route_table_id": "rtb-033a0fc940651ff71",
                            "subnet_id": "subnet-0cb3df241bfc9e81c"
                        },
                        "meta": {},
                        "tainted": false
                    },
                    "deposed": [],
                    "provider": "provider.aws"
                },
                "aws_route_table_association.private_sub.2": {
                    "type": "aws_route_table_association",
                    "depends_on": [
                        "aws_route_table.rt_private",
                        "aws_subnet.private_subnet.*"
                    ],
                    "primary": {
                        "id": "rtbassoc-08936316e5a0f9c37",
                        "attributes": {
                            "id": "rtbassoc-08936316e5a0f9c37",
                            "route_table_id": "rtb-033a0fc940651ff71",
                            "subnet_id": "subnet-00d8c4be3cbb93390"
                        },
                        "meta": {},
                        "tainted": false
                    },
                    "deposed": [],
                    "provider": "provider.aws"
                },
                "aws_route_table_association.public.0": {
                    "type": "aws_route_table_association",
                    "depends_on": [
                        "aws_route_table.rt_public",
                        "aws_subnet.public_subnet.*"
                    ],
                    "primary": {
                        "id": "rtbassoc-05f50cbc244e1ee1c",
                        "attributes": {
                            "id": "rtbassoc-05f50cbc244e1ee1c",
                            "route_table_id": "rtb-092b773d26f9dca66",
                            "subnet_id": "subnet-09f4a10bdca209235"
                        },
                        "meta": {},
                        "tainted": false
                    },
                    "deposed": [],
                    "provider": "provider.aws"
                },
                "aws_route_table_association.public.1": {
                    "type": "aws_route_table_association",
                    "depends_on": [
                        "aws_route_table.rt_public",
                        "aws_subnet.public_subnet.*"
                    ],
                    "primary": {
                        "id": "rtbassoc-0612d5681a0ddc004",
                        "attributes": {
                            "id": "rtbassoc-0612d5681a0ddc004",
                            "route_table_id": "rtb-092b773d26f9dca66",
                            "subnet_id": "subnet-0e8f5c0f4d276a166"
                        },
                        "meta": {},
                        "tainted": false
                    },
                    "deposed": [],
                    "provider": "provider.aws"
                },
                "aws_route_table_association.public.2": {
                    "type": "aws_route_table_association",
                    "depends_on": [
                        "aws_route_table.rt_public",
                        "aws_subnet.public_subnet.*"
                    ],
                    "primary": {
                        "id": "rtbassoc-01960db0a212c008a",
                        "attributes": {
                            "id": "rtbassoc-01960db0a212c008a",
                            "route_table_id": "rtb-092b773d26f9dca66",
                            "subnet_id": "subnet-05493a533b24f8770"
                        },
                        "meta": {},
                        "tainted": false
                    },
                    "deposed": [],
                    "provider": "provider.aws"
                },
                "aws_route_table_association.worker.0": {
                    "type": "aws_route_table_association",
                    "depends_on": [
                        "aws_route_table.rt_private",
                        "aws_subnet.worker_subnet.*"
                    ],
                    "primary": {
                        "id": "rtbassoc-00150f75e79c8acac",
                        "attributes": {
                            "id": "rtbassoc-00150f75e79c8acac",
                            "route_table_id": "rtb-06c093f401cfeb9a8",
                            "subnet_id": "subnet-0239598ddeedd10bb"
                        },
                        "meta": {},
                        "tainted": false
                    },
                    "deposed": [],
                    "provider": "provider.aws"
                },
                "aws_route_table_association.worker.1": {
                    "type": "aws_route_table_association",
                    "depends_on": [
                        "aws_route_table.rt_private",
                        "aws_subnet.worker_subnet.*"
                    ],
                    "primary": {
                        "id": "rtbassoc-0964cd7fabcdb1094",
                        "attributes": {
                            "id": "rtbassoc-0964cd7fabcdb1094",
                            "route_table_id": "rtb-06c093f401cfeb9a8",
                            "subnet_id": "subnet-006ead2c5a48c7fc4"
                        },
                        "meta": {},
                        "tainted": false
                    },
                    "deposed": [],
                    "provider": "provider.aws"
                },
                "aws_route_table_association.worker.2": {
                    "type": "aws_route_table_association",
                    "depends_on": [
                        "aws_route_table.rt_private",
                        "aws_subnet.worker_subnet.*"
                    ],
                    "primary": {
                        "id": "rtbassoc-09ca6ec35c3530183",
                        "attributes": {
                            "id": "rtbassoc-09ca6ec35c3530183",
                            "route_table_id": "rtb-06c093f401cfeb9a8",
                            "subnet_id": "subnet-0e8792ada76a1b77b"
                        },
                        "meta": {},
                        "tainted": false
                    },
                    "deposed": [],
                    "provider": "provider.aws"
                },
                "aws_subnet.master_subnet.0": {
                    "type": "aws_subnet",
                    "depends_on": [
                        "aws_vpc.this",
                        "data.aws_availability_zones.available"
                    ],
                    "primary": {
                        "id": "subnet-0457d0bbf00ec65c8",
                        "attributes": {
                            "arn": "arn:aws:ec2:eu-north-1:845863403425:subnet/subnet-0457d0bbf00ec65c8",
                            "assign_ipv6_address_on_creation": "false",
                            "availability_zone": "eu-north-1a",
                            "availability_zone_id": "eun1-az1",
                            "cidr_block": "10.0.48.0/20",
                            "id": "subnet-0457d0bbf00ec65c8",
                            "ipv6_cidr_block": "",
                            "ipv6_cidr_block_association_id": "",
                            "map_public_ip_on_launch": "false",
                            "owner_id": "845863403425",
                            "tags.%": "1",
                            "tags.Name": "Master_eu-north-1a",
                            "vpc_id": "vpc-087ffe3d33d0c799c"
                        },
                        "meta": {
                            "e2bfb730-ecaa-11e6-8f88-34363bc7c4c0": {
                                "create": 600000000000,
                                "delete": 1200000000000
                            },
                            "schema_version": "1"
                        },
                        "tainted": false
                    },
                    "deposed": [],
                    "provider": "provider.aws"
                },
                "aws_subnet.master_subnet.1": {
                    "type": "aws_subnet",
                    "depends_on": [
                        "aws_vpc.this",
                        "data.aws_availability_zones.available"
                    ],
                    "primary": {
                        "id": "subnet-0ee691f2cf327ebb2",
                        "attributes": {
                            "arn": "arn:aws:ec2:eu-north-1:845863403425:subnet/subnet-0ee691f2cf327ebb2",
                            "assign_ipv6_address_on_creation": "false",
                            "availability_zone": "eu-north-1b",
                            "availability_zone_id": "eun1-az2",
                            "cidr_block": "10.0.64.0/20",
                            "id": "subnet-0ee691f2cf327ebb2",
                            "ipv6_cidr_block": "",
                            "ipv6_cidr_block_association_id": "",
                            "map_public_ip_on_launch": "false",
                            "owner_id": "845863403425",
                            "tags.%": "1",
                            "tags.Name": "Master_eu-north-1b",
                            "vpc_id": "vpc-087ffe3d33d0c799c"
                        },
                        "meta": {
                            "e2bfb730-ecaa-11e6-8f88-34363bc7c4c0": {
                                "create": 600000000000,
                                "delete": 1200000000000
                            },
                            "schema_version": "1"
                        },
                        "tainted": false
                    },
                    "deposed": [],
                    "provider": "provider.aws"
                },
                "aws_subnet.master_subnet.2": {
                    "type": "aws_subnet",
                    "depends_on": [
                        "aws_vpc.this",
                        "data.aws_availability_zones.available"
                    ],
                    "primary": {
                        "id": "subnet-0816e9f842d773296",
                        "attributes": {
                            "arn": "arn:aws:ec2:eu-north-1:845863403425:subnet/subnet-0816e9f842d773296",
                            "assign_ipv6_address_on_creation": "false",
                            "availability_zone": "eu-north-1c",
                            "availability_zone_id": "eun1-az3",
                            "cidr_block": "10.0.80.0/20",
                            "id": "subnet-0816e9f842d773296",
                            "ipv6_cidr_block": "",
                            "ipv6_cidr_block_association_id": "",
                            "map_public_ip_on_launch": "false",
                            "owner_id": "845863403425",
                            "tags.%": "1",
                            "tags.Name": "Master_eu-north-1c",
                            "vpc_id": "vpc-087ffe3d33d0c799c"
                        },
                        "meta": {
                            "e2bfb730-ecaa-11e6-8f88-34363bc7c4c0": {
                                "create": 600000000000,
                                "delete": 1200000000000
                            },
                            "schema_version": "1"
                        },
                        "tainted": false
                    },
                    "deposed": [],
                    "provider": "provider.aws"
                },
                "aws_subnet.worker_subnet.0": {
                    "type": "aws_subnet",
                    "depends_on": [
                        "aws_vpc.this",
                        "data.aws_availability_zones.available"
                    ],
                    "primary": {
                        "id": "subnet-0239598ddeedd10bb",
                        "attributes": {
                            "arn": "arn:aws:ec2:eu-north-1:845863403425:subnet/subnet-0239598ddeedd10bb",
                            "assign_ipv6_address_on_creation": "false",
                            "availability_zone": "eu-north-1a",
                            "availability_zone_id": "eun1-az1",
                            "cidr_block": "10.0.144.0/20",
                            "id": "subnet-0239598ddeedd10bb",
                            "ipv6_cidr_block": "",
                            "ipv6_cidr_block_association_id": "",
                            "map_public_ip_on_launch": "false",
                            "owner_id": "845863403425",
                            "tags.%": "1",
                            "tags.Name": "Worker_eu-north-1a",
                            "vpc_id": "vpc-087ffe3d33d0c799c"
                        },
                        "meta": {
                            "e2bfb730-ecaa-11e6-8f88-34363bc7c4c0": {
                                "create": 600000000000,
                                "delete": 1200000000000
                            },
                            "schema_version": "1"
                        },
                        "tainted": false
                    },
                    "deposed": [],
                    "provider": "provider.aws"
                },
                "aws_subnet.worker_subnet.1": {
                    "type": "aws_subnet",
                    "depends_on": [
                        "aws_vpc.this",
                        "data.aws_availability_zones.available"
                    ],
                    "primary": {
                        "id": "subnet-006ead2c5a48c7fc4",
                        "attributes": {
                            "arn": "arn:aws:ec2:eu-north-1:845863403425:subnet/subnet-006ead2c5a48c7fc4",
                            "assign_ipv6_address_on_creation": "false",
                            "availability_zone": "eu-north-1b",
                            "availability_zone_id": "eun1-az2",
                            "cidr_block": "10.0.160.0/20",
                            "id": "subnet-006ead2c5a48c7fc4",
                            "ipv6_cidr_block": "",
                            "ipv6_cidr_block_association_id": "",
                            "map_public_ip_on_launch": "false",
                            "owner_id": "845863403425",
                            "tags.%": "1",
                            "tags.Name": "Worker_eu-north-1b",
                            "vpc_id": "vpc-087ffe3d33d0c799c"
                        },
                        "meta": {
                            "e2bfb730-ecaa-11e6-8f88-34363bc7c4c0": {
                                "create": 600000000000,
                                "delete": 1200000000000
                            },
                            "schema_version": "1"
                        },
                        "tainted": false
                    },
                    "deposed": [],
                    "provider": "provider.aws"
                },
                "aws_subnet.worker_subnet.2": {
                    "type": "aws_subnet",
                    "depends_on": [
                        "aws_vpc.this",
                        "data.aws_availability_zones.available"
                    ],
                    "primary": {
                        "id": "subnet-0e8792ada76a1b77b",
                        "attributes": {
                            "arn": "arn:aws:ec2:eu-north-1:845863403425:subnet/subnet-0e8792ada76a1b77b",
                            "assign_ipv6_address_on_creation": "false",
                            "availability_zone": "eu-north-1c",
                            "availability_zone_id": "eun1-az3",
                            "cidr_block": "10.0.176.0/20",
                            "id": "subnet-0e8792ada76a1b77b",
                            "ipv6_cidr_block": "",
                            "ipv6_cidr_block_association_id": "",
                            "map_public_ip_on_launch": "false",
                            "owner_id": "845863403425",
                            "tags.%": "1",
                            "tags.Name": "Worker_eu-north-1c",
                            "vpc_id": "vpc-087ffe3d33d0c799c"
                        },
                        "meta": {
                            "e2bfb730-ecaa-11e6-8f88-34363bc7c4c0": {
                                "create": 600000000000,
                                "delete": 1200000000000
                            },
                            "schema_version": "1"
                        },
                        "tainted": false
                    },
                    "deposed": [],
                    "provider": "provider.aws"
                },
                "aws_vpc.this": {
                    "type": "aws_vpc",
                    "depends_on": [],
                    "primary": {
                        "id": "vpc-087ffe3d33d0c799c",
                        "attributes": {
                            "arn": "arn:aws:ec2:eu-north-1:845863403425:vpc/vpc-087ffe3d33d0c799c",
                            "assign_generated_ipv6_cidr_block": "false",
                            "cidr_block": "10.0.0.0/16",
                            "default_network_acl_id": "acl-0c6e446cc39a366ef",
                            "default_route_table_id": "rtb-035de98bbf4a39688",
                            "default_security_group_id": "sg-0ddc3d1c1d00dc36d",
                            "dhcp_options_id": "dopt-4a27f323",
                            "enable_dns_hostnames": "true",
                            "enable_dns_support": "true",
                            "id": "vpc-087ffe3d33d0c799c",
                            "instance_tenancy": "default",
                            "ipv6_association_id": "",
                            "ipv6_cidr_block": "",
                            "main_route_table_id": "rtb-035de98bbf4a39688",
                            "owner_id": "845863403425",
                            "tags.%": "1",
                            "tags.Name": "digital-lab1-vpc"
                        },
                        "meta": {
                            "schema_version": "1"
                        },
                        "tainted": false
                    },
                    "deposed": [],
                    "provider": "provider.aws"
                },
                "data.aws_availability_zones.available": {
                    "type": "aws_availability_zones",
                    "depends_on": [],
                    "primary": {
                        "id": "2019-11-19 22:10:58.379610781 +0000 UTC",
                        "attributes": {
                            "id": "2019-11-19 22:10:58.379610781 +0000 UTC",
                            "names.#": "3",
                            "names.0": "eu-north-1a",
                            "names.1": "eu-north-1b",
                            "names.2": "eu-north-1c",
                            "zone_ids.#": "3",
                            "zone_ids.0": "eun1-az1",
                            "zone_ids.1": "eun1-az2",
                            "zone_ids.2": "eun1-az3"
                        },
                        "meta": {},
                        "tainted": false
                    },
                    "deposed": [],
                    "provider": "provider.aws"
                }
            },
            "depends_on": []
        }
    ]
}
